// !$*UTF8*$!
{
	archiveVersion = 1;
	classes = {
	};
	objectVersion = 48;
	objects = {

/* Begin PBXBuildFile section */
		4260CAD408C421C1AACBFF3C /* Pods_SwiftTools.framework in Frameworks */ = {isa = PBXBuildFile; fileRef = AEAD74B0B725E76001F3F2D0 /* Pods_SwiftTools.framework */; };
		4A660B21361B869CC7133AD6 /* Pods_SwiftToolsTests.framework in Frameworks */ = {isa = PBXBuildFile; fileRef = 7929D83AC733AA39732B97E4 /* Pods_SwiftToolsTests.framework */; };
		8F1B7E182123F65500926A0E /* MultipleSlider.swift in Sources */ = {isa = PBXBuildFile; fileRef = 8F1B7E172123F65500926A0E /* MultipleSlider.swift */; };
		8F4C88671FA1A99200C8D37D /* SystemInfoTools.swift in Sources */ = {isa = PBXBuildFile; fileRef = 8F4C88661FA1A99200C8D37D /* SystemInfoTools.swift */; };
		8F638CEA213FE09F00D69C4F /* CircleSlider.swift in Sources */ = {isa = PBXBuildFile; fileRef = 8F638CE9213FE09F00D69C4F /* CircleSlider.swift */; };
		8F638CED213FE31400D69C4F /* CircleSliderViewController.swift in Sources */ = {isa = PBXBuildFile; fileRef = 8F638CEB213FE31400D69C4F /* CircleSliderViewController.swift */; };
		8F638CEE213FE31400D69C4F /* CircleSliderViewController.xib in Resources */ = {isa = PBXBuildFile; fileRef = 8F638CEC213FE31400D69C4F /* CircleSliderViewController.xib */; };
		8F7F4F171FBA7D1300C20E33 /* StockModel.swift in Sources */ = {isa = PBXBuildFile; fileRef = 8F7F4F161FBA7D1300C20E33 /* StockModel.swift */; };
		8F7F4F1A1FBA7DB700C20E33 /* StockViewController.swift in Sources */ = {isa = PBXBuildFile; fileRef = 8F7F4F181FBA7DB700C20E33 /* StockViewController.swift */; };
		8F7F4F1B1FBA7DB700C20E33 /* StockViewController.xib in Resources */ = {isa = PBXBuildFile; fileRef = 8F7F4F191FBA7DB700C20E33 /* StockViewController.xib */; };
		8F7F4F1F1FBA975700C20E33 /* DeviceModel.xcdatamodeld in Sources */ = {isa = PBXBuildFile; fileRef = 8F7F4F1D1FBA975700C20E33 /* DeviceModel.xcdatamodeld */; };
		8F7F4F221FBA98D600C20E33 /* DataCoreExampleViewController.swift in Sources */ = {isa = PBXBuildFile; fileRef = 8F7F4F201FBA98D600C20E33 /* DataCoreExampleViewController.swift */; };
		8F7F4F231FBA98D600C20E33 /* DataCoreExampleViewController.xib in Resources */ = {isa = PBXBuildFile; fileRef = 8F7F4F211FBA98D600C20E33 /* DataCoreExampleViewController.xib */; };
		8F7F4F251FBA997A00C20E33 /* DatabaseManager.swift in Sources */ = {isa = PBXBuildFile; fileRef = 8F7F4F241FBA997A00C20E33 /* DatabaseManager.swift */; };
		8F7F4F401FBAB87C00C20E33 /* Brand+CoreDataClass.swift in Sources */ = {isa = PBXBuildFile; fileRef = 8F7F4F3A1FBAB87C00C20E33 /* Brand+CoreDataClass.swift */; };
		8F7F4F411FBAB87C00C20E33 /* Brand+CoreDataProperties.swift in Sources */ = {isa = PBXBuildFile; fileRef = 8F7F4F3B1FBAB87C00C20E33 /* Brand+CoreDataProperties.swift */; };
		8F7F4F421FBAB87C00C20E33 /* Group+CoreDataClass.swift in Sources */ = {isa = PBXBuildFile; fileRef = 8F7F4F3C1FBAB87C00C20E33 /* Group+CoreDataClass.swift */; };
		8F7F4F431FBAB87C00C20E33 /* Group+CoreDataProperties.swift in Sources */ = {isa = PBXBuildFile; fileRef = 8F7F4F3D1FBAB87C00C20E33 /* Group+CoreDataProperties.swift */; };
		8F7F4F441FBAB87C00C20E33 /* Device+CoreDataClass.swift in Sources */ = {isa = PBXBuildFile; fileRef = 8F7F4F3E1FBAB87C00C20E33 /* Device+CoreDataClass.swift */; };
		8F7F4F451FBAB87C00C20E33 /* Device+CoreDataProperties.swift in Sources */ = {isa = PBXBuildFile; fileRef = 8F7F4F3F1FBAB87C00C20E33 /* Device+CoreDataProperties.swift */; };
		8F8AB63C1FA17DFD0049D7F1 /* AppDelegate.swift in Sources */ = {isa = PBXBuildFile; fileRef = 8F8AB63B1FA17DFD0049D7F1 /* AppDelegate.swift */; };
		8F8AB63E1FA17DFD0049D7F1 /* ViewController.swift in Sources */ = {isa = PBXBuildFile; fileRef = 8F8AB63D1FA17DFD0049D7F1 /* ViewController.swift */; };
		8F8AB6411FA17DFD0049D7F1 /* Main.storyboard in Resources */ = {isa = PBXBuildFile; fileRef = 8F8AB63F1FA17DFD0049D7F1 /* Main.storyboard */; };
		8F8AB6461FA17DFD0049D7F1 /* Assets.xcassets in Resources */ = {isa = PBXBuildFile; fileRef = 8F8AB6451FA17DFD0049D7F1 /* Assets.xcassets */; };
		8F8AB6491FA17DFD0049D7F1 /* LaunchScreen.storyboard in Resources */ = {isa = PBXBuildFile; fileRef = 8F8AB6471FA17DFD0049D7F1 /* LaunchScreen.storyboard */; };
		8F8AB6541FA17DFE0049D7F1 /* SwiftToolsTests.swift in Sources */ = {isa = PBXBuildFile; fileRef = 8F8AB6531FA17DFE0049D7F1 /* SwiftToolsTests.swift */; };
		8F8AB65F1FA17DFE0049D7F1 /* SwiftToolsUITests.swift in Sources */ = {isa = PBXBuildFile; fileRef = 8F8AB65E1FA17DFE0049D7F1 /* SwiftToolsUITests.swift */; };
		8F8AB66E1FA17E350049D7F1 /* ManualAutoSwitchView.swift in Sources */ = {isa = PBXBuildFile; fileRef = 8F8AB66D1FA17E350049D7F1 /* ManualAutoSwitchView.swift */; };
		8F8DCBF42126DA9B00A94CC4 /* PlotView.swift in Sources */ = {isa = PBXBuildFile; fileRef = 8F8DCBF32126DA9B00A94CC4 /* PlotView.swift */; };
		8F8DCBF72126DAB500A94CC4 /* PlotViewController.swift in Sources */ = {isa = PBXBuildFile; fileRef = 8F8DCBF52126DAB500A94CC4 /* PlotViewController.swift */; };
		8F8DCBF82126DAB500A94CC4 /* PlotViewController.xib in Resources */ = {isa = PBXBuildFile; fileRef = 8F8DCBF62126DAB500A94CC4 /* PlotViewController.xib */; };
		8F9D15251FB585E7005F1D1A /* ColorCircleViewController.swift in Sources */ = {isa = PBXBuildFile; fileRef = 8F9D15231FB585E7005F1D1A /* ColorCircleViewController.swift */; };
		8F9D15261FB585E7005F1D1A /* ColorCircleViewController.xib in Resources */ = {isa = PBXBuildFile; fileRef = 8F9D15241FB585E7005F1D1A /* ColorCircleViewController.xib */; };
		8F9D15281FB59A9B005F1D1A /* ColorCircleView.swift in Sources */ = {isa = PBXBuildFile; fileRef = 8F9D15271FB59A9B005F1D1A /* ColorCircleView.swift */; };
		8F9F86F4205BAC6900608B7E /* BlueToothViewController.swift in Sources */ = {isa = PBXBuildFile; fileRef = 8F9F86F2205BAC6900608B7E /* BlueToothViewController.swift */; };
		8F9F86F5205BAC6900608B7E /* BlueToothViewController.xib in Resources */ = {isa = PBXBuildFile; fileRef = 8F9F86F3205BAC6900608B7E /* BlueToothViewController.xib */; };
		8FB6FF1D2022EABA005E57F8 /* MvvmViewController.swift in Sources */ = {isa = PBXBuildFile; fileRef = 8FB6FF1B2022EABA005E57F8 /* MvvmViewController.swift */; };
		8FB6FF1E2022EABA005E57F8 /* MvvmViewController.xib in Resources */ = {isa = PBXBuildFile; fileRef = 8FB6FF1C2022EABA005E57F8 /* MvvmViewController.xib */; };
		8FB6FF202022F3E6005E57F8 /* MvvmModel.swift in Sources */ = {isa = PBXBuildFile; fileRef = 8FB6FF1F2022F3E6005E57F8 /* MvvmModel.swift */; };
		8FB6FF222022F3FD005E57F8 /* Person.swift in Sources */ = {isa = PBXBuildFile; fileRef = 8FB6FF212022F3FD005E57F8 /* Person.swift */; };
		8FE621301FCCF9AE0035ED1D /* launch1.png in Resources */ = {isa = PBXBuildFile; fileRef = 8FE6212F1FCCF9AD0035ED1D /* launch1.png */; };
		8FE621321FCCFAB10035ED1D /* launch3.png in Resources */ = {isa = PBXBuildFile; fileRef = 8FE621311FCCFAB10035ED1D /* launch3.png */; };
		8FE621341FCD040F0035ED1D /* launch2.png in Resources */ = {isa = PBXBuildFile; fileRef = 8FE621331FCD040F0035ED1D /* launch2.png */; };
		9A684AA63D6056399DFAAB4A /* Pods_SwiftToolsUITests.framework in Frameworks */ = {isa = PBXBuildFile; fileRef = 5C6A0AC613B90E0CE9D30F76 /* Pods_SwiftToolsUITests.framework */; };
/* End PBXBuildFile section */

/* Begin PBXContainerItemProxy section */
		8F8AB6501FA17DFE0049D7F1 /* PBXContainerItemProxy */ = {
			isa = PBXContainerItemProxy;
			containerPortal = 8F8AB6301FA17DFD0049D7F1 /* Project object */;
			proxyType = 1;
			remoteGlobalIDString = 8F8AB6371FA17DFD0049D7F1;
			remoteInfo = SwiftTools;
		};
		8F8AB65B1FA17DFE0049D7F1 /* PBXContainerItemProxy */ = {
			isa = PBXContainerItemProxy;
			containerPortal = 8F8AB6301FA17DFD0049D7F1 /* Project object */;
			proxyType = 1;
			remoteGlobalIDString = 8F8AB6371FA17DFD0049D7F1;
			remoteInfo = SwiftTools;
		};
/* End PBXContainerItemProxy section */

/* Begin PBXFileReference section */
		24EDBF6E825230129B63CC26 /* Pods-SwiftToolsTests.release.xcconfig */ = {isa = PBXFileReference; includeInIndex = 1; lastKnownFileType = text.xcconfig; name = "Pods-SwiftToolsTests.release.xcconfig"; path = "Pods/Target Support Files/Pods-SwiftToolsTests/Pods-SwiftToolsTests.release.xcconfig"; sourceTree = "<group>"; };
		29E6C6E7AFD65B38F2EF4792 /* Pods-SwiftToolsUITests.debug.xcconfig */ = {isa = PBXFileReference; includeInIndex = 1; lastKnownFileType = text.xcconfig; name = "Pods-SwiftToolsUITests.debug.xcconfig"; path = "Pods/Target Support Files/Pods-SwiftToolsUITests/Pods-SwiftToolsUITests.debug.xcconfig"; sourceTree = "<group>"; };
		53CEFE8264C7C74D8E0B4A15 /* Pods-SwiftToolsUITests.release.xcconfig */ = {isa = PBXFileReference; includeInIndex = 1; lastKnownFileType = text.xcconfig; name = "Pods-SwiftToolsUITests.release.xcconfig"; path = "Pods/Target Support Files/Pods-SwiftToolsUITests/Pods-SwiftToolsUITests.release.xcconfig"; sourceTree = "<group>"; };
		5C6A0AC613B90E0CE9D30F76 /* Pods_SwiftToolsUITests.framework */ = {isa = PBXFileReference; explicitFileType = wrapper.framework; includeInIndex = 0; path = Pods_SwiftToolsUITests.framework; sourceTree = BUILT_PRODUCTS_DIR; };
		5CEA0EBC78D1BB1A0EBEC9E9 /* Pods-SwiftToolsTests.debug.xcconfig */ = {isa = PBXFileReference; includeInIndex = 1; lastKnownFileType = text.xcconfig; name = "Pods-SwiftToolsTests.debug.xcconfig"; path = "Pods/Target Support Files/Pods-SwiftToolsTests/Pods-SwiftToolsTests.debug.xcconfig"; sourceTree = "<group>"; };
		61F71D071158888E98C96389 /* Pods-SwiftTools.release.xcconfig */ = {isa = PBXFileReference; includeInIndex = 1; lastKnownFileType = text.xcconfig; name = "Pods-SwiftTools.release.xcconfig"; path = "Pods/Target Support Files/Pods-SwiftTools/Pods-SwiftTools.release.xcconfig"; sourceTree = "<group>"; };
		6AA33271DDE5F108FDD17893 /* Pods-SwiftTools.debug.xcconfig */ = {isa = PBXFileReference; includeInIndex = 1; lastKnownFileType = text.xcconfig; name = "Pods-SwiftTools.debug.xcconfig"; path = "Pods/Target Support Files/Pods-SwiftTools/Pods-SwiftTools.debug.xcconfig"; sourceTree = "<group>"; };
		7929D83AC733AA39732B97E4 /* Pods_SwiftToolsTests.framework */ = {isa = PBXFileReference; explicitFileType = wrapper.framework; includeInIndex = 0; path = Pods_SwiftToolsTests.framework; sourceTree = BUILT_PRODUCTS_DIR; };
		8F1B7E172123F65500926A0E /* MultipleSlider.swift */ = {isa = PBXFileReference; lastKnownFileType = sourcecode.swift; path = MultipleSlider.swift; sourceTree = "<group>"; };
		8F4C88661FA1A99200C8D37D /* SystemInfoTools.swift */ = {isa = PBXFileReference; lastKnownFileType = sourcecode.swift; path = SystemInfoTools.swift; sourceTree = "<group>"; };
		8F638CE9213FE09F00D69C4F /* CircleSlider.swift */ = {isa = PBXFileReference; lastKnownFileType = sourcecode.swift; path = CircleSlider.swift; sourceTree = "<group>"; };
		8F638CEB213FE31400D69C4F /* CircleSliderViewController.swift */ = {isa = PBXFileReference; lastKnownFileType = sourcecode.swift; path = CircleSliderViewController.swift; sourceTree = "<group>"; };
		8F638CEC213FE31400D69C4F /* CircleSliderViewController.xib */ = {isa = PBXFileReference; lastKnownFileType = file.xib; path = CircleSliderViewController.xib; sourceTree = "<group>"; };
		8F7F4F161FBA7D1300C20E33 /* StockModel.swift */ = {isa = PBXFileReference; lastKnownFileType = sourcecode.swift; path = StockModel.swift; sourceTree = "<group>"; };
		8F7F4F181FBA7DB700C20E33 /* StockViewController.swift */ = {isa = PBXFileReference; lastKnownFileType = sourcecode.swift; path = StockViewController.swift; sourceTree = "<group>"; };
		8F7F4F191FBA7DB700C20E33 /* StockViewController.xib */ = {isa = PBXFileReference; lastKnownFileType = file.xib; path = StockViewController.xib; sourceTree = "<group>"; };
		8F7F4F1E1FBA975700C20E33 /* DeviceModel.xcdatamodel */ = {isa = PBXFileReference; lastKnownFileType = wrapper.xcdatamodel; path = DeviceModel.xcdatamodel; sourceTree = "<group>"; };
		8F7F4F201FBA98D600C20E33 /* DataCoreExampleViewController.swift */ = {isa = PBXFileReference; lastKnownFileType = sourcecode.swift; path = DataCoreExampleViewController.swift; sourceTree = "<group>"; };
		8F7F4F211FBA98D600C20E33 /* DataCoreExampleViewController.xib */ = {isa = PBXFileReference; lastKnownFileType = file.xib; path = DataCoreExampleViewController.xib; sourceTree = "<group>"; };
		8F7F4F241FBA997A00C20E33 /* DatabaseManager.swift */ = {isa = PBXFileReference; lastKnownFileType = sourcecode.swift; path = DatabaseManager.swift; sourceTree = "<group>"; };
		8F7F4F3A1FBAB87C00C20E33 /* Brand+CoreDataClass.swift */ = {isa = PBXFileReference; lastKnownFileType = sourcecode.swift; path = "Brand+CoreDataClass.swift"; sourceTree = "<group>"; };
		8F7F4F3B1FBAB87C00C20E33 /* Brand+CoreDataProperties.swift */ = {isa = PBXFileReference; lastKnownFileType = sourcecode.swift; path = "Brand+CoreDataProperties.swift"; sourceTree = "<group>"; };
		8F7F4F3C1FBAB87C00C20E33 /* Group+CoreDataClass.swift */ = {isa = PBXFileReference; lastKnownFileType = sourcecode.swift; path = "Group+CoreDataClass.swift"; sourceTree = "<group>"; };
		8F7F4F3D1FBAB87C00C20E33 /* Group+CoreDataProperties.swift */ = {isa = PBXFileReference; lastKnownFileType = sourcecode.swift; path = "Group+CoreDataProperties.swift"; sourceTree = "<group>"; };
		8F7F4F3E1FBAB87C00C20E33 /* Device+CoreDataClass.swift */ = {isa = PBXFileReference; lastKnownFileType = sourcecode.swift; path = "Device+CoreDataClass.swift"; sourceTree = "<group>"; };
		8F7F4F3F1FBAB87C00C20E33 /* Device+CoreDataProperties.swift */ = {isa = PBXFileReference; lastKnownFileType = sourcecode.swift; path = "Device+CoreDataProperties.swift"; sourceTree = "<group>"; };
		8F8AB6381FA17DFD0049D7F1 /* SwiftTools.app */ = {isa = PBXFileReference; explicitFileType = wrapper.application; includeInIndex = 0; path = SwiftTools.app; sourceTree = BUILT_PRODUCTS_DIR; };
		8F8AB63B1FA17DFD0049D7F1 /* AppDelegate.swift */ = {isa = PBXFileReference; lastKnownFileType = sourcecode.swift; path = AppDelegate.swift; sourceTree = "<group>"; };
		8F8AB63D1FA17DFD0049D7F1 /* ViewController.swift */ = {isa = PBXFileReference; lastKnownFileType = sourcecode.swift; path = ViewController.swift; sourceTree = "<group>"; };
		8F8AB6401FA17DFD0049D7F1 /* Base */ = {isa = PBXFileReference; lastKnownFileType = file.storyboard; name = Base; path = Base.lproj/Main.storyboard; sourceTree = "<group>"; };
		8F8AB6451FA17DFD0049D7F1 /* Assets.xcassets */ = {isa = PBXFileReference; lastKnownFileType = folder.assetcatalog; path = Assets.xcassets; sourceTree = "<group>"; };
		8F8AB6481FA17DFD0049D7F1 /* Base */ = {isa = PBXFileReference; lastKnownFileType = file.storyboard; name = Base; path = Base.lproj/LaunchScreen.storyboard; sourceTree = "<group>"; };
		8F8AB64A1FA17DFD0049D7F1 /* Info.plist */ = {isa = PBXFileReference; lastKnownFileType = text.plist.xml; path = Info.plist; sourceTree = "<group>"; };
		8F8AB64F1FA17DFE0049D7F1 /* SwiftToolsTests.xctest */ = {isa = PBXFileReference; explicitFileType = wrapper.cfbundle; includeInIndex = 0; path = SwiftToolsTests.xctest; sourceTree = BUILT_PRODUCTS_DIR; };
		8F8AB6531FA17DFE0049D7F1 /* SwiftToolsTests.swift */ = {isa = PBXFileReference; lastKnownFileType = sourcecode.swift; path = SwiftToolsTests.swift; sourceTree = "<group>"; };
		8F8AB6551FA17DFE0049D7F1 /* Info.plist */ = {isa = PBXFileReference; lastKnownFileType = text.plist.xml; path = Info.plist; sourceTree = "<group>"; };
		8F8AB65A1FA17DFE0049D7F1 /* SwiftToolsUITests.xctest */ = {isa = PBXFileReference; explicitFileType = wrapper.cfbundle; includeInIndex = 0; path = SwiftToolsUITests.xctest; sourceTree = BUILT_PRODUCTS_DIR; };
		8F8AB65E1FA17DFE0049D7F1 /* SwiftToolsUITests.swift */ = {isa = PBXFileReference; lastKnownFileType = sourcecode.swift; path = SwiftToolsUITests.swift; sourceTree = "<group>"; };
		8F8AB6601FA17DFE0049D7F1 /* Info.plist */ = {isa = PBXFileReference; lastKnownFileType = text.plist.xml; path = Info.plist; sourceTree = "<group>"; };
		8F8AB66D1FA17E350049D7F1 /* ManualAutoSwitchView.swift */ = {isa = PBXFileReference; lastKnownFileType = sourcecode.swift; path = ManualAutoSwitchView.swift; sourceTree = "<group>"; };
		8F8DCBF32126DA9B00A94CC4 /* PlotView.swift */ = {isa = PBXFileReference; lastKnownFileType = sourcecode.swift; path = PlotView.swift; sourceTree = "<group>"; };
		8F8DCBF52126DAB500A94CC4 /* PlotViewController.swift */ = {isa = PBXFileReference; lastKnownFileType = sourcecode.swift; path = PlotViewController.swift; sourceTree = "<group>"; };
		8F8DCBF62126DAB500A94CC4 /* PlotViewController.xib */ = {isa = PBXFileReference; lastKnownFileType = file.xib; path = PlotViewController.xib; sourceTree = "<group>"; };
		8F9D15231FB585E7005F1D1A /* ColorCircleViewController.swift */ = {isa = PBXFileReference; lastKnownFileType = sourcecode.swift; path = ColorCircleViewController.swift; sourceTree = "<group>"; };
		8F9D15241FB585E7005F1D1A /* ColorCircleViewController.xib */ = {isa = PBXFileReference; lastKnownFileType = file.xib; path = ColorCircleViewController.xib; sourceTree = "<group>"; };
		8F9D15271FB59A9B005F1D1A /* ColorCircleView.swift */ = {isa = PBXFileReference; lastKnownFileType = sourcecode.swift; path = ColorCircleView.swift; sourceTree = "<group>"; };
		8F9F86F2205BAC6900608B7E /* BlueToothViewController.swift */ = {isa = PBXFileReference; lastKnownFileType = sourcecode.swift; path = BlueToothViewController.swift; sourceTree = "<group>"; };
		8F9F86F3205BAC6900608B7E /* BlueToothViewController.xib */ = {isa = PBXFileReference; lastKnownFileType = file.xib; path = BlueToothViewController.xib; sourceTree = "<group>"; };
		8FB6FF1B2022EABA005E57F8 /* MvvmViewController.swift */ = {isa = PBXFileReference; lastKnownFileType = sourcecode.swift; path = MvvmViewController.swift; sourceTree = "<group>"; };
		8FB6FF1C2022EABA005E57F8 /* MvvmViewController.xib */ = {isa = PBXFileReference; lastKnownFileType = file.xib; path = MvvmViewController.xib; sourceTree = "<group>"; };
		8FB6FF1F2022F3E6005E57F8 /* MvvmModel.swift */ = {isa = PBXFileReference; lastKnownFileType = sourcecode.swift; path = MvvmModel.swift; sourceTree = "<group>"; };
		8FB6FF212022F3FD005E57F8 /* Person.swift */ = {isa = PBXFileReference; lastKnownFileType = sourcecode.swift; path = Person.swift; sourceTree = "<group>"; };
		8FE6212F1FCCF9AD0035ED1D /* launch1.png */ = {isa = PBXFileReference; lastKnownFileType = image.png; path = launch1.png; sourceTree = "<group>"; };
		8FE621311FCCFAB10035ED1D /* launch3.png */ = {isa = PBXFileReference; lastKnownFileType = image.png; path = launch3.png; sourceTree = "<group>"; };
		8FE621331FCD040F0035ED1D /* launch2.png */ = {isa = PBXFileReference; lastKnownFileType = image.png; path = launch2.png; sourceTree = "<group>"; };
		AEAD74B0B725E76001F3F2D0 /* Pods_SwiftTools.framework */ = {isa = PBXFileReference; explicitFileType = wrapper.framework; includeInIndex = 0; path = Pods_SwiftTools.framework; sourceTree = BUILT_PRODUCTS_DIR; };
/* End PBXFileReference section */

/* Begin PBXFrameworksBuildPhase section */
		8F8AB6351FA17DFD0049D7F1 /* Frameworks */ = {
			isa = PBXFrameworksBuildPhase;
			buildActionMask = 2147483647;
			files = (
				4260CAD408C421C1AACBFF3C /* Pods_SwiftTools.framework in Frameworks */,
			);
			runOnlyForDeploymentPostprocessing = 0;
		};
		8F8AB64C1FA17DFE0049D7F1 /* Frameworks */ = {
			isa = PBXFrameworksBuildPhase;
			buildActionMask = 2147483647;
			files = (
				4A660B21361B869CC7133AD6 /* Pods_SwiftToolsTests.framework in Frameworks */,
			);
			runOnlyForDeploymentPostprocessing = 0;
		};
		8F8AB6571FA17DFE0049D7F1 /* Frameworks */ = {
			isa = PBXFrameworksBuildPhase;
			buildActionMask = 2147483647;
			files = (
				9A684AA63D6056399DFAAB4A /* Pods_SwiftToolsUITests.framework in Frameworks */,
			);
			runOnlyForDeploymentPostprocessing = 0;
		};
/* End PBXFrameworksBuildPhase section */

/* Begin PBXGroup section */
		51DB90AA406B1702E4DF6E3D /* Frameworks */ = {
			isa = PBXGroup;
			children = (
				AEAD74B0B725E76001F3F2D0 /* Pods_SwiftTools.framework */,
				7929D83AC733AA39732B97E4 /* Pods_SwiftToolsTests.framework */,
				5C6A0AC613B90E0CE9D30F76 /* Pods_SwiftToolsUITests.framework */,
			);
			name = Frameworks;
			sourceTree = "<group>";
		};
		8F1B7E162123F60200926A0E /* CustomerSlider */ = {
			isa = PBXGroup;
			children = (
				8F1B7E172123F65500926A0E /* MultipleSlider.swift */,
			);
			path = CustomerSlider;
			sourceTree = "<group>";
		};
		8F545429213F63CA006E0322 /* AlertController */ = {
			isa = PBXGroup;
			children = (
			);
			path = AlertController;
			sourceTree = "<group>";
		};
		8F638CE8213FE07100D69C4F /* CircleSlider */ = {
			isa = PBXGroup;
			children = (
				8F638CE9213FE09F00D69C4F /* CircleSlider.swift */,
				8F638CEB213FE31400D69C4F /* CircleSliderViewController.swift */,
				8F638CEC213FE31400D69C4F /* CircleSliderViewController.xib */,
			);
			path = CircleSlider;
			sourceTree = "<group>";
		};
		8F7F4F151FBA7C9D00C20E33 /* KvoExample */ = {
			isa = PBXGroup;
			children = (
				8F7F4F161FBA7D1300C20E33 /* StockModel.swift */,
				8F7F4F181FBA7DB700C20E33 /* StockViewController.swift */,
				8F7F4F191FBA7DB700C20E33 /* StockViewController.xib */,
			);
			path = KvoExample;
			sourceTree = "<group>";
		};
		8F7F4F1C1FBA973600C20E33 /* CoreDataExample */ = {
			isa = PBXGroup;
			children = (
				8F7F4F3A1FBAB87C00C20E33 /* Brand+CoreDataClass.swift */,
				8F7F4F3B1FBAB87C00C20E33 /* Brand+CoreDataProperties.swift */,
				8F7F4F3C1FBAB87C00C20E33 /* Group+CoreDataClass.swift */,
				8F7F4F3D1FBAB87C00C20E33 /* Group+CoreDataProperties.swift */,
				8F7F4F3E1FBAB87C00C20E33 /* Device+CoreDataClass.swift */,
				8F7F4F3F1FBAB87C00C20E33 /* Device+CoreDataProperties.swift */,
				8F7F4F1D1FBA975700C20E33 /* DeviceModel.xcdatamodeld */,
				8F7F4F201FBA98D600C20E33 /* DataCoreExampleViewController.swift */,
				8F7F4F211FBA98D600C20E33 /* DataCoreExampleViewController.xib */,
				8F7F4F241FBA997A00C20E33 /* DatabaseManager.swift */,
			);
			path = CoreDataExample;
			sourceTree = "<group>";
		};
		8F8AB62F1FA17DFD0049D7F1 = {
			isa = PBXGroup;
			children = (
				8F8AB63A1FA17DFD0049D7F1 /* SwiftTools */,
				8F8AB6521FA17DFE0049D7F1 /* SwiftToolsTests */,
				8F8AB65D1FA17DFE0049D7F1 /* SwiftToolsUITests */,
				8F8AB6391FA17DFD0049D7F1 /* Products */,
				C8D96B4EDCFC06BC08AEDFFD /* Pods */,
				51DB90AA406B1702E4DF6E3D /* Frameworks */,
			);
			sourceTree = "<group>";
		};
		8F8AB6391FA17DFD0049D7F1 /* Products */ = {
			isa = PBXGroup;
			children = (
				8F8AB6381FA17DFD0049D7F1 /* SwiftTools.app */,
				8F8AB64F1FA17DFE0049D7F1 /* SwiftToolsTests.xctest */,
				8F8AB65A1FA17DFE0049D7F1 /* SwiftToolsUITests.xctest */,
			);
			name = Products;
			sourceTree = "<group>";
		};
		8F8AB63A1FA17DFD0049D7F1 /* SwiftTools */ = {
			isa = PBXGroup;
			children = (
				8F8AB63B1FA17DFD0049D7F1 /* AppDelegate.swift */,
				8F8AB63D1FA17DFD0049D7F1 /* ViewController.swift */,
				8F8AB63F1FA17DFD0049D7F1 /* Main.storyboard */,
				8F8AB6451FA17DFD0049D7F1 /* Assets.xcassets */,
				8F8AB6471FA17DFD0049D7F1 /* LaunchScreen.storyboard */,
				8F8AB64A1FA17DFD0049D7F1 /* Info.plist */,
				8F8AB66C1FA17E1B0049D7F1 /* Tools */,
			);
			path = SwiftTools;
			sourceTree = "<group>";
		};
		8F8AB6521FA17DFE0049D7F1 /* SwiftToolsTests */ = {
			isa = PBXGroup;
			children = (
				8F8AB6531FA17DFE0049D7F1 /* SwiftToolsTests.swift */,
				8F8AB6551FA17DFE0049D7F1 /* Info.plist */,
			);
			path = SwiftToolsTests;
			sourceTree = "<group>";
		};
		8F8AB65D1FA17DFE0049D7F1 /* SwiftToolsUITests */ = {
			isa = PBXGroup;
			children = (
				8F8AB65E1FA17DFE0049D7F1 /* SwiftToolsUITests.swift */,
				8F8AB6601FA17DFE0049D7F1 /* Info.plist */,
			);
			path = SwiftToolsUITests;
			sourceTree = "<group>";
		};
		8F8AB66C1FA17E1B0049D7F1 /* Tools */ = {
			isa = PBXGroup;
			children = (
				8F638CE8213FE07100D69C4F /* CircleSlider */,
				8F545429213F63CA006E0322 /* AlertController */,
				8F8DCBF22126DA6D00A94CC4 /* PlotView */,
				8F1B7E162123F60200926A0E /* CustomerSlider */,
				8F9F86F1205BAC1300608B7E /* BuleTooth */,
				8FB6FF1A2022EA92005E57F8 /* MVVM */,
				8F7F4F1C1FBA973600C20E33 /* CoreDataExample */,
				8F7F4F151FBA7C9D00C20E33 /* KvoExample */,
				8F9D15221FB58590005F1D1A /* ColorCircle */,
				8F8AB66D1FA17E350049D7F1 /* ManualAutoSwitchView.swift */,
				8F4C88661FA1A99200C8D37D /* SystemInfoTools.swift */,
				8FE621311FCCFAB10035ED1D /* launch3.png */,
				8FE621331FCD040F0035ED1D /* launch2.png */,
				8FE6212F1FCCF9AD0035ED1D /* launch1.png */,
			);
			path = Tools;
			sourceTree = "<group>";
		};
		8F8DCBF22126DA6D00A94CC4 /* PlotView */ = {
			isa = PBXGroup;
			children = (
				8F8DCBF32126DA9B00A94CC4 /* PlotView.swift */,
				8F8DCBF52126DAB500A94CC4 /* PlotViewController.swift */,
				8F8DCBF62126DAB500A94CC4 /* PlotViewController.xib */,
			);
			path = PlotView;
			sourceTree = "<group>";
		};
		8F9D15221FB58590005F1D1A /* ColorCircle */ = {
			isa = PBXGroup;
			children = (
				8F9D15231FB585E7005F1D1A /* ColorCircleViewController.swift */,
				8F9D15241FB585E7005F1D1A /* ColorCircleViewController.xib */,
				8F9D15271FB59A9B005F1D1A /* ColorCircleView.swift */,
			);
			path = ColorCircle;
			sourceTree = "<group>";
		};
		8F9F86F1205BAC1300608B7E /* BuleTooth */ = {
			isa = PBXGroup;
			children = (
				8F9F86F2205BAC6900608B7E /* BlueToothViewController.swift */,
				8F9F86F3205BAC6900608B7E /* BlueToothViewController.xib */,
			);
			path = BuleTooth;
			sourceTree = "<group>";
		};
		8FB6FF1A2022EA92005E57F8 /* MVVM */ = {
			isa = PBXGroup;
			children = (
				8FB6FF1B2022EABA005E57F8 /* MvvmViewController.swift */,
				8FB6FF1C2022EABA005E57F8 /* MvvmViewController.xib */,
				8FB6FF1F2022F3E6005E57F8 /* MvvmModel.swift */,
				8FB6FF212022F3FD005E57F8 /* Person.swift */,
			);
			path = MVVM;
			sourceTree = "<group>";
		};
		C8D96B4EDCFC06BC08AEDFFD /* Pods */ = {
			isa = PBXGroup;
			children = (
				6AA33271DDE5F108FDD17893 /* Pods-SwiftTools.debug.xcconfig */,
				61F71D071158888E98C96389 /* Pods-SwiftTools.release.xcconfig */,
				5CEA0EBC78D1BB1A0EBEC9E9 /* Pods-SwiftToolsTests.debug.xcconfig */,
				24EDBF6E825230129B63CC26 /* Pods-SwiftToolsTests.release.xcconfig */,
				29E6C6E7AFD65B38F2EF4792 /* Pods-SwiftToolsUITests.debug.xcconfig */,
				53CEFE8264C7C74D8E0B4A15 /* Pods-SwiftToolsUITests.release.xcconfig */,
			);
			name = Pods;
			sourceTree = "<group>";
		};
/* End PBXGroup section */

/* Begin PBXNativeTarget section */
		8F8AB6371FA17DFD0049D7F1 /* SwiftTools */ = {
			isa = PBXNativeTarget;
			buildConfigurationList = 8F8AB6631FA17DFE0049D7F1 /* Build configuration list for PBXNativeTarget "SwiftTools" */;
			buildPhases = (
				06C47753744374820224DA53 /* [CP] Check Pods Manifest.lock */,
				8F8AB6341FA17DFD0049D7F1 /* Sources */,
				8F8AB6351FA17DFD0049D7F1 /* Frameworks */,
				8F8AB6361FA17DFD0049D7F1 /* Resources */,
				9DB2A54F301CD1C955DC5BCF /* [CP] Embed Pods Frameworks */,
				BC0D61A055D51F48366E9F7F /* [CP] Copy Pods Resources */,
			);
			buildRules = (
			);
			dependencies = (
			);
			name = SwiftTools;
			productName = SwiftTools;
			productReference = 8F8AB6381FA17DFD0049D7F1 /* SwiftTools.app */;
			productType = "com.apple.product-type.application";
		};
		8F8AB64E1FA17DFE0049D7F1 /* SwiftToolsTests */ = {
			isa = PBXNativeTarget;
			buildConfigurationList = 8F8AB6661FA17DFE0049D7F1 /* Build configuration list for PBXNativeTarget "SwiftToolsTests" */;
			buildPhases = (
				3BA7B06088889258F0EA3F41 /* [CP] Check Pods Manifest.lock */,
				8F8AB64B1FA17DFE0049D7F1 /* Sources */,
				8F8AB64C1FA17DFE0049D7F1 /* Frameworks */,
				8F8AB64D1FA17DFE0049D7F1 /* Resources */,
				D02FE754BBEE9DF308FD88A8 /* [CP] Embed Pods Frameworks */,
				48DE9360E656BC7FA9F2F337 /* [CP] Copy Pods Resources */,
			);
			buildRules = (
			);
			dependencies = (
				8F8AB6511FA17DFE0049D7F1 /* PBXTargetDependency */,
			);
			name = SwiftToolsTests;
			productName = SwiftToolsTests;
			productReference = 8F8AB64F1FA17DFE0049D7F1 /* SwiftToolsTests.xctest */;
			productType = "com.apple.product-type.bundle.unit-test";
		};
		8F8AB6591FA17DFE0049D7F1 /* SwiftToolsUITests */ = {
			isa = PBXNativeTarget;
			buildConfigurationList = 8F8AB6691FA17DFE0049D7F1 /* Build configuration list for PBXNativeTarget "SwiftToolsUITests" */;
			buildPhases = (
				13D0242D83E750C2FB1FFC7E /* [CP] Check Pods Manifest.lock */,
				8F8AB6561FA17DFE0049D7F1 /* Sources */,
				8F8AB6571FA17DFE0049D7F1 /* Frameworks */,
				8F8AB6581FA17DFE0049D7F1 /* Resources */,
				EC3E1B9130422D58C9990A5E /* [CP] Embed Pods Frameworks */,
				8360FBAAA5909B2C2FFCB46C /* [CP] Copy Pods Resources */,
			);
			buildRules = (
			);
			dependencies = (
				8F8AB65C1FA17DFE0049D7F1 /* PBXTargetDependency */,
			);
			name = SwiftToolsUITests;
			productName = SwiftToolsUITests;
			productReference = 8F8AB65A1FA17DFE0049D7F1 /* SwiftToolsUITests.xctest */;
			productType = "com.apple.product-type.bundle.ui-testing";
		};
/* End PBXNativeTarget section */

/* Begin PBXProject section */
		8F8AB6301FA17DFD0049D7F1 /* Project object */ = {
			isa = PBXProject;
			attributes = {
				LastSwiftUpdateCheck = 0900;
				LastUpgradeCheck = 0900;
				ORGANIZATIONNAME = Huang;
				TargetAttributes = {
					8F8AB6371FA17DFD0049D7F1 = {
						CreatedOnToolsVersion = 9.0;
						ProvisioningStyle = Automatic;
					};
					8F8AB64E1FA17DFE0049D7F1 = {
						CreatedOnToolsVersion = 9.0;
						ProvisioningStyle = Automatic;
						TestTargetID = 8F8AB6371FA17DFD0049D7F1;
					};
					8F8AB6591FA17DFE0049D7F1 = {
						CreatedOnToolsVersion = 9.0;
						ProvisioningStyle = Automatic;
						TestTargetID = 8F8AB6371FA17DFD0049D7F1;
					};
				};
			};
			buildConfigurationList = 8F8AB6331FA17DFD0049D7F1 /* Build configuration list for PBXProject "SwiftTools" */;
			compatibilityVersion = "Xcode 8.0";
			developmentRegion = en;
			hasScannedForEncodings = 0;
			knownRegions = (
				en,
				Base,
			);
			mainGroup = 8F8AB62F1FA17DFD0049D7F1;
			productRefGroup = 8F8AB6391FA17DFD0049D7F1 /* Products */;
			projectDirPath = "";
			projectRoot = "";
			targets = (
				8F8AB6371FA17DFD0049D7F1 /* SwiftTools */,
				8F8AB64E1FA17DFE0049D7F1 /* SwiftToolsTests */,
				8F8AB6591FA17DFE0049D7F1 /* SwiftToolsUITests */,
			);
		};
/* End PBXProject section */

/* Begin PBXResourcesBuildPhase section */
		8F8AB6361FA17DFD0049D7F1 /* Resources */ = {
			isa = PBXResourcesBuildPhase;
			buildActionMask = 2147483647;
			files = (
				8FB6FF1E2022EABA005E57F8 /* MvvmViewController.xib in Resources */,
				8FE621301FCCF9AE0035ED1D /* launch1.png in Resources */,
				8FE621341FCD040F0035ED1D /* launch2.png in Resources */,
				8F7F4F231FBA98D600C20E33 /* DataCoreExampleViewController.xib in Resources */,
				8F8AB6491FA17DFD0049D7F1 /* LaunchScreen.storyboard in Resources */,
				8F8DCBF82126DAB500A94CC4 /* PlotViewController.xib in Resources */,
				8F8AB6461FA17DFD0049D7F1 /* Assets.xcassets in Resources */,
				8FE621321FCCFAB10035ED1D /* launch3.png in Resources */,
				8F9D15261FB585E7005F1D1A /* ColorCircleViewController.xib in Resources */,
				8F8AB6411FA17DFD0049D7F1 /* Main.storyboard in Resources */,
				8F9F86F5205BAC6900608B7E /* BlueToothViewController.xib in Resources */,
				8F638CEE213FE31400D69C4F /* CircleSliderViewController.xib in Resources */,
				8F7F4F1B1FBA7DB700C20E33 /* StockViewController.xib in Resources */,
			);
			runOnlyForDeploymentPostprocessing = 0;
		};
		8F8AB64D1FA17DFE0049D7F1 /* Resources */ = {
			isa = PBXResourcesBuildPhase;
			buildActionMask = 2147483647;
			files = (
			);
			runOnlyForDeploymentPostprocessing = 0;
		};
		8F8AB6581FA17DFE0049D7F1 /* Resources */ = {
			isa = PBXResourcesBuildPhase;
			buildActionMask = 2147483647;
			files = (
			);
			runOnlyForDeploymentPostprocessing = 0;
		};
/* End PBXResourcesBuildPhase section */

/* Begin PBXShellScriptBuildPhase section */
		06C47753744374820224DA53 /* [CP] Check Pods Manifest.lock */ = {
			isa = PBXShellScriptBuildPhase;
			buildActionMask = 2147483647;
			files = (
			);
			inputPaths = (
				"${PODS_PODFILE_DIR_PATH}/Podfile.lock",
				"${PODS_ROOT}/Manifest.lock",
			);
			name = "[CP] Check Pods Manifest.lock";
			outputPaths = (
				"$(DERIVED_FILE_DIR)/Pods-SwiftTools-checkManifestLockResult.txt",
			);
			runOnlyForDeploymentPostprocessing = 0;
			shellPath = /bin/sh;
			shellScript = "diff \"${PODS_PODFILE_DIR_PATH}/Podfile.lock\" \"${PODS_ROOT}/Manifest.lock\" > /dev/null\nif [ $? != 0 ] ; then\n    # print error to STDERR\n    echo \"error: The sandbox is not in sync with the Podfile.lock. Run 'pod install' or update your CocoaPods installation.\" >&2\n    exit 1\nfi\n# This output is used by Xcode 'outputs' to avoid re-running this script phase.\necho \"SUCCESS\" > \"${SCRIPT_OUTPUT_FILE_0}\"\n";
			showEnvVarsInLog = 0;
		};
		13D0242D83E750C2FB1FFC7E /* [CP] Check Pods Manifest.lock */ = {
			isa = PBXShellScriptBuildPhase;
			buildActionMask = 2147483647;
			files = (
			);
			inputPaths = (
				"${PODS_PODFILE_DIR_PATH}/Podfile.lock",
				"${PODS_ROOT}/Manifest.lock",
			);
			name = "[CP] Check Pods Manifest.lock";
			outputPaths = (
				"$(DERIVED_FILE_DIR)/Pods-SwiftToolsUITests-checkManifestLockResult.txt",
			);
			runOnlyForDeploymentPostprocessing = 0;
			shellPath = /bin/sh;
			shellScript = "diff \"${PODS_PODFILE_DIR_PATH}/Podfile.lock\" \"${PODS_ROOT}/Manifest.lock\" > /dev/null\nif [ $? != 0 ] ; then\n    # print error to STDERR\n    echo \"error: The sandbox is not in sync with the Podfile.lock. Run 'pod install' or update your CocoaPods installation.\" >&2\n    exit 1\nfi\n# This output is used by Xcode 'outputs' to avoid re-running this script phase.\necho \"SUCCESS\" > \"${SCRIPT_OUTPUT_FILE_0}\"\n";
			showEnvVarsInLog = 0;
		};
		3BA7B06088889258F0EA3F41 /* [CP] Check Pods Manifest.lock */ = {
			isa = PBXShellScriptBuildPhase;
			buildActionMask = 2147483647;
			files = (
			);
			inputPaths = (
				"${PODS_PODFILE_DIR_PATH}/Podfile.lock",
				"${PODS_ROOT}/Manifest.lock",
			);
			name = "[CP] Check Pods Manifest.lock";
			outputPaths = (
				"$(DERIVED_FILE_DIR)/Pods-SwiftToolsTests-checkManifestLockResult.txt",
			);
			runOnlyForDeploymentPostprocessing = 0;
			shellPath = /bin/sh;
			shellScript = "diff \"${PODS_PODFILE_DIR_PATH}/Podfile.lock\" \"${PODS_ROOT}/Manifest.lock\" > /dev/null\nif [ $? != 0 ] ; then\n    # print error to STDERR\n    echo \"error: The sandbox is not in sync with the Podfile.lock. Run 'pod install' or update your CocoaPods installation.\" >&2\n    exit 1\nfi\n# This output is used by Xcode 'outputs' to avoid re-running this script phase.\necho \"SUCCESS\" > \"${SCRIPT_OUTPUT_FILE_0}\"\n";
			showEnvVarsInLog = 0;
		};
		48DE9360E656BC7FA9F2F337 /* [CP] Copy Pods Resources */ = {
			isa = PBXShellScriptBuildPhase;
			buildActionMask = 2147483647;
			files = (
			);
			inputPaths = (
			);
			name = "[CP] Copy Pods Resources";
			outputPaths = (
			);
			runOnlyForDeploymentPostprocessing = 0;
			shellPath = /bin/sh;
			shellScript = "\"${SRCROOT}/Pods/Target Support Files/Pods-SwiftToolsTests/Pods-SwiftToolsTests-resources.sh\"\n";
			showEnvVarsInLog = 0;
		};
		8360FBAAA5909B2C2FFCB46C /* [CP] Copy Pods Resources */ = {
			isa = PBXShellScriptBuildPhase;
			buildActionMask = 2147483647;
			files = (
			);
			inputPaths = (
			);
			name = "[CP] Copy Pods Resources";
			outputPaths = (
			);
			runOnlyForDeploymentPostprocessing = 0;
			shellPath = /bin/sh;
			shellScript = "\"${SRCROOT}/Pods/Target Support Files/Pods-SwiftToolsUITests/Pods-SwiftToolsUITests-resources.sh\"\n";
			showEnvVarsInLog = 0;
		};
		9DB2A54F301CD1C955DC5BCF /* [CP] Embed Pods Frameworks */ = {
			isa = PBXShellScriptBuildPhase;
			buildActionMask = 2147483647;
			files = (
			);
			inputPaths = (
				"${SRCROOT}/Pods/Target Support Files/Pods-SwiftTools/Pods-SwiftTools-frameworks.sh",
				"${BUILT_PRODUCTS_DIR}/HGCircularSlider/HGCircularSlider.framework",
			);
			name = "[CP] Embed Pods Frameworks";
			outputPaths = (
				"${TARGET_BUILD_DIR}/${FRAMEWORKS_FOLDER_PATH}/HGCircularSlider.framework",
			);
			runOnlyForDeploymentPostprocessing = 0;
			shellPath = /bin/sh;
			shellScript = "\"${SRCROOT}/Pods/Target Support Files/Pods-SwiftTools/Pods-SwiftTools-frameworks.sh\"\n";
			showEnvVarsInLog = 0;
		};
		BC0D61A055D51F48366E9F7F /* [CP] Copy Pods Resources */ = {
			isa = PBXShellScriptBuildPhase;
			buildActionMask = 2147483647;
			files = (
			);
			inputPaths = (
			);
			name = "[CP] Copy Pods Resources";
			outputPaths = (
			);
			runOnlyForDeploymentPostprocessing = 0;
			shellPath = /bin/sh;
			shellScript = "\"${SRCROOT}/Pods/Target Support Files/Pods-SwiftTools/Pods-SwiftTools-resources.sh\"\n";
			showEnvVarsInLog = 0;
		};
		D02FE754BBEE9DF308FD88A8 /* [CP] Embed Pods Frameworks */ = {
			isa = PBXShellScriptBuildPhase;
			buildActionMask = 2147483647;
			files = (
			);
			inputPaths = (
			);
			name = "[CP] Embed Pods Frameworks";
			outputPaths = (
			);
			runOnlyForDeploymentPostprocessing = 0;
			shellPath = /bin/sh;
			shellScript = "\"${SRCROOT}/Pods/Target Support Files/Pods-SwiftToolsTests/Pods-SwiftToolsTests-frameworks.sh\"\n";
			showEnvVarsInLog = 0;
		};
		EC3E1B9130422D58C9990A5E /* [CP] Embed Pods Frameworks */ = {
			isa = PBXShellScriptBuildPhase;
			buildActionMask = 2147483647;
			files = (
			);
			inputPaths = (
			);
			name = "[CP] Embed Pods Frameworks";
			outputPaths = (
			);
			runOnlyForDeploymentPostprocessing = 0;
			shellPath = /bin/sh;
			shellScript = "\"${SRCROOT}/Pods/Target Support Files/Pods-SwiftToolsUITests/Pods-SwiftToolsUITests-frameworks.sh\"\n";
			showEnvVarsInLog = 0;
		};
/* End PBXShellScriptBuildPhase section */

/* Begin PBXSourcesBuildPhase section */
		8F8AB6341FA17DFD0049D7F1 /* Sources */ = {
			isa = PBXSourcesBuildPhase;
			buildActionMask = 2147483647;
			files = (
				8F9D15281FB59A9B005F1D1A /* ColorCircleView.swift in Sources */,
				8F8DCBF72126DAB500A94CC4 /* PlotViewController.swift in Sources */,
				8F7F4F451FBAB87C00C20E33 /* Device+CoreDataProperties.swift in Sources */,
				8FB6FF1D2022EABA005E57F8 /* MvvmViewController.swift in Sources */,
				8F7F4F251FBA997A00C20E33 /* DatabaseManager.swift in Sources */,
				8F4C88671FA1A99200C8D37D /* SystemInfoTools.swift in Sources */,
				8F7F4F421FBAB87C00C20E33 /* Group+CoreDataClass.swift in Sources */,
				8F638CEA213FE09F00D69C4F /* CircleSlider.swift in Sources */,
				8F7F4F221FBA98D600C20E33 /* DataCoreExampleViewController.swift in Sources */,
				8F7F4F171FBA7D1300C20E33 /* StockModel.swift in Sources */,
				8F8AB66E1FA17E350049D7F1 /* ManualAutoSwitchView.swift in Sources */,
				8F8DCBF42126DA9B00A94CC4 /* PlotView.swift in Sources */,
				8F7F4F431FBAB87C00C20E33 /* Group+CoreDataProperties.swift in Sources */,
				8F9F86F4205BAC6900608B7E /* BlueToothViewController.swift in Sources */,
				8FB6FF222022F3FD005E57F8 /* Person.swift in Sources */,
				8F9D15251FB585E7005F1D1A /* ColorCircleViewController.swift in Sources */,
				8F7F4F441FBAB87C00C20E33 /* Device+CoreDataClass.swift in Sources */,
				8F7F4F401FBAB87C00C20E33 /* Brand+CoreDataClass.swift in Sources */,
				8F638CED213FE31400D69C4F /* CircleSliderViewController.swift in Sources */,
				8F7F4F411FBAB87C00C20E33 /* Brand+CoreDataProperties.swift in Sources */,
				8F8AB63E1FA17DFD0049D7F1 /* ViewController.swift in Sources */,
				8F8AB63C1FA17DFD0049D7F1 /* AppDelegate.swift in Sources */,
				8F7F4F1F1FBA975700C20E33 /* DeviceModel.xcdatamodeld in Sources */,
				8F7F4F1A1FBA7DB700C20E33 /* StockViewController.swift in Sources */,
				8F1B7E182123F65500926A0E /* MultipleSlider.swift in Sources */,
				8FB6FF202022F3E6005E57F8 /* MvvmModel.swift in Sources */,
			);
			runOnlyForDeploymentPostprocessing = 0;
		};
		8F8AB64B1FA17DFE0049D7F1 /* Sources */ = {
			isa = PBXSourcesBuildPhase;
			buildActionMask = 2147483647;
			files = (
				8F8AB6541FA17DFE0049D7F1 /* SwiftToolsTests.swift in Sources */,
			);
			runOnlyForDeploymentPostprocessing = 0;
		};
		8F8AB6561FA17DFE0049D7F1 /* Sources */ = {
			isa = PBXSourcesBuildPhase;
			buildActionMask = 2147483647;
			files = (
				8F8AB65F1FA17DFE0049D7F1 /* SwiftToolsUITests.swift in Sources */,
			);
			runOnlyForDeploymentPostprocessing = 0;
		};
/* End PBXSourcesBuildPhase section */

/* Begin PBXTargetDependency section */
		8F8AB6511FA17DFE0049D7F1 /* PBXTargetDependency */ = {
			isa = PBXTargetDependency;
			target = 8F8AB6371FA17DFD0049D7F1 /* SwiftTools */;
			targetProxy = 8F8AB6501FA17DFE0049D7F1 /* PBXContainerItemProxy */;
		};
		8F8AB65C1FA17DFE0049D7F1 /* PBXTargetDependency */ = {
			isa = PBXTargetDependency;
			target = 8F8AB6371FA17DFD0049D7F1 /* SwiftTools */;
			targetProxy = 8F8AB65B1FA17DFE0049D7F1 /* PBXContainerItemProxy */;
		};
/* End PBXTargetDependency section */

/* Begin PBXVariantGroup section */
		8F8AB63F1FA17DFD0049D7F1 /* Main.storyboard */ = {
			isa = PBXVariantGroup;
			children = (
				8F8AB6401FA17DFD0049D7F1 /* Base */,
			);
			name = Main.storyboard;
			sourceTree = "<group>";
		};
		8F8AB6471FA17DFD0049D7F1 /* LaunchScreen.storyboard */ = {
			isa = PBXVariantGroup;
			children = (
				8F8AB6481FA17DFD0049D7F1 /* Base */,
			);
			name = LaunchScreen.storyboard;
			sourceTree = "<group>";
		};
/* End PBXVariantGroup section */

/* Begin XCBuildConfiguration section */
		8F8AB6611FA17DFE0049D7F1 /* Debug */ = {
			isa = XCBuildConfiguration;
			buildSettings = {
				ALWAYS_SEARCH_USER_PATHS = NO;
				CLANG_ANALYZER_NONNULL = YES;
				CLANG_ANALYZER_NUMBER_OBJECT_CONVERSION = YES_AGGRESSIVE;
				CLANG_CXX_LANGUAGE_STANDARD = "gnu++14";
				CLANG_CXX_LIBRARY = "libc++";
				CLANG_ENABLE_MODULES = YES;
				CLANG_ENABLE_OBJC_ARC = YES;
				CLANG_WARN_BLOCK_CAPTURE_AUTORELEASING = YES;
				CLANG_WARN_BOOL_CONVERSION = YES;
				CLANG_WARN_COMMA = YES;
				CLANG_WARN_CONSTANT_CONVERSION = YES;
				CLANG_WARN_DIRECT_OBJC_ISA_USAGE = YES_ERROR;
				CLANG_WARN_DOCUMENTATION_COMMENTS = YES;
				CLANG_WARN_EMPTY_BODY = YES;
				CLANG_WARN_ENUM_CONVERSION = YES;
				CLANG_WARN_INFINITE_RECURSION = YES;
				CLANG_WARN_INT_CONVERSION = YES;
				CLANG_WARN_NON_LITERAL_NULL_CONVERSION = YES;
				CLANG_WARN_OBJC_LITERAL_CONVERSION = YES;
				CLANG_WARN_OBJC_ROOT_CLASS = YES_ERROR;
				CLANG_WARN_RANGE_LOOP_ANALYSIS = YES;
				CLANG_WARN_STRICT_PROTOTYPES = YES;
				CLANG_WARN_SUSPICIOUS_MOVE = YES;
				CLANG_WARN_UNGUARDED_AVAILABILITY = YES_AGGRESSIVE;
				CLANG_WARN_UNREACHABLE_CODE = YES;
				CLANG_WARN__DUPLICATE_METHOD_MATCH = YES;
				CODE_SIGN_IDENTITY = "iPhone Developer";
				COPY_PHASE_STRIP = NO;
				DEBUG_INFORMATION_FORMAT = dwarf;
				ENABLE_STRICT_OBJC_MSGSEND = YES;
				ENABLE_TESTABILITY = YES;
				GCC_C_LANGUAGE_STANDARD = gnu11;
				GCC_DYNAMIC_NO_PIC = NO;
				GCC_NO_COMMON_BLOCKS = YES;
				GCC_OPTIMIZATION_LEVEL = 0;
				GCC_PREPROCESSOR_DEFINITIONS = (
					"DEBUG=1",
					"$(inherited)",
				);
				GCC_WARN_64_TO_32_BIT_CONVERSION = YES;
				GCC_WARN_ABOUT_RETURN_TYPE = YES_ERROR;
				GCC_WARN_UNDECLARED_SELECTOR = YES;
				GCC_WARN_UNINITIALIZED_AUTOS = YES_AGGRESSIVE;
				GCC_WARN_UNUSED_FUNCTION = YES;
				GCC_WARN_UNUSED_VARIABLE = YES;
				IPHONEOS_DEPLOYMENT_TARGET = 11.0;
				MTL_ENABLE_DEBUG_INFO = YES;
				ONLY_ACTIVE_ARCH = YES;
				SDKROOT = iphoneos;
				SWIFT_ACTIVE_COMPILATION_CONDITIONS = DEBUG;
				SWIFT_OPTIMIZATION_LEVEL = "-Onone";
			};
			name = Debug;
		};
		8F8AB6621FA17DFE0049D7F1 /* Release */ = {
			isa = XCBuildConfiguration;
			buildSettings = {
				ALWAYS_SEARCH_USER_PATHS = NO;
				CLANG_ANALYZER_NONNULL = YES;
				CLANG_ANALYZER_NUMBER_OBJECT_CONVERSION = YES_AGGRESSIVE;
				CLANG_CXX_LANGUAGE_STANDARD = "gnu++14";
				CLANG_CXX_LIBRARY = "libc++";
				CLANG_ENABLE_MODULES = YES;
				CLANG_ENABLE_OBJC_ARC = YES;
				CLANG_WARN_BLOCK_CAPTURE_AUTORELEASING = YES;
				CLANG_WARN_BOOL_CONVERSION = YES;
				CLANG_WARN_COMMA = YES;
				CLANG_WARN_CONSTANT_CONVERSION = YES;
				CLANG_WARN_DIRECT_OBJC_ISA_USAGE = YES_ERROR;
				CLANG_WARN_DOCUMENTATION_COMMENTS = YES;
				CLANG_WARN_EMPTY_BODY = YES;
				CLANG_WARN_ENUM_CONVERSION = YES;
				CLANG_WARN_INFINITE_RECURSION = YES;
				CLANG_WARN_INT_CONVERSION = YES;
				CLANG_WARN_NON_LITERAL_NULL_CONVERSION = YES;
				CLANG_WARN_OBJC_LITERAL_CONVERSION = YES;
				CLANG_WARN_OBJC_ROOT_CLASS = YES_ERROR;
				CLANG_WARN_RANGE_LOOP_ANALYSIS = YES;
				CLANG_WARN_STRICT_PROTOTYPES = YES;
				CLANG_WARN_SUSPICIOUS_MOVE = YES;
				CLANG_WARN_UNGUARDED_AVAILABILITY = YES_AGGRESSIVE;
				CLANG_WARN_UNREACHABLE_CODE = YES;
				CLANG_WARN__DUPLICATE_METHOD_MATCH = YES;
				CODE_SIGN_IDENTITY = "iPhone Developer";
				COPY_PHASE_STRIP = NO;
				DEBUG_INFORMATION_FORMAT = "dwarf-with-dsym";
				ENABLE_NS_ASSERTIONS = NO;
				ENABLE_STRICT_OBJC_MSGSEND = YES;
				GCC_C_LANGUAGE_STANDARD = gnu11;
				GCC_NO_COMMON_BLOCKS = YES;
				GCC_WARN_64_TO_32_BIT_CONVERSION = YES;
				GCC_WARN_ABOUT_RETURN_TYPE = YES_ERROR;
				GCC_WARN_UNDECLARED_SELECTOR = YES;
				GCC_WARN_UNINITIALIZED_AUTOS = YES_AGGRESSIVE;
				GCC_WARN_UNUSED_FUNCTION = YES;
				GCC_WARN_UNUSED_VARIABLE = YES;
				IPHONEOS_DEPLOYMENT_TARGET = 11.0;
				MTL_ENABLE_DEBUG_INFO = NO;
				SDKROOT = iphoneos;
				SWIFT_OPTIMIZATION_LEVEL = "-Owholemodule";
				VALIDATE_PRODUCT = YES;
			};
			name = Release;
		};
		8F8AB6641FA17DFE0049D7F1 /* Debug */ = {
			isa = XCBuildConfiguration;
			baseConfigurationReference = 6AA33271DDE5F108FDD17893 /* Pods-SwiftTools.debug.xcconfig */;
			buildSettings = {
				ASSETCATALOG_COMPILER_APPICON_NAME = AppIcon;
				ASSETCATALOG_COMPILER_LAUNCHIMAGE_NAME = LaunchImage;
				CODE_SIGN_STYLE = Automatic;
				DEVELOPMENT_TEAM = VS9QL3ZC89;
				INFOPLIST_FILE = SwiftTools/Info.plist;
				LD_RUNPATH_SEARCH_PATHS = "$(inherited) @executable_path/Frameworks";
				PRODUCT_BUNDLE_IDENTIFIER = com.huang.SwiftTools;
				PRODUCT_NAME = "$(TARGET_NAME)";
				SWIFT_VERSION = 4.0;
				TARGETED_DEVICE_FAMILY = "1,2";
			};
			name = Debug;
		};
		8F8AB6651FA17DFE0049D7F1 /* Release */ = {
			isa = XCBuildConfiguration;
			baseConfigurationReference = 61F71D071158888E98C96389 /* Pods-SwiftTools.release.xcconfig */;
			buildSettings = {
				ASSETCATALOG_COMPILER_APPICON_NAME = AppIcon;
				ASSETCATALOG_COMPILER_LAUNCHIMAGE_NAME = LaunchImage;
				CODE_SIGN_STYLE = Automatic;
				DEVELOPMENT_TEAM = VS9QL3ZC89;
				INFOPLIST_FILE = SwiftTools/Info.plist;
				LD_RUNPATH_SEARCH_PATHS = "$(inherited) @executable_path/Frameworks";
				PRODUCT_BUNDLE_IDENTIFIER = com.huang.SwiftTools;
				PRODUCT_NAME = "$(TARGET_NAME)";
				SWIFT_VERSION = 4.0;
				TARGETED_DEVICE_FAMILY = "1,2";
			};
			name = Release;
		};
		8F8AB6671FA17DFE0049D7F1 /* Debug */ = {
			isa = XCBuildConfiguration;
			baseConfigurationReference = 5CEA0EBC78D1BB1A0EBEC9E9 /* Pods-SwiftToolsTests.debug.xcconfig */;
			buildSettings = {
				ALWAYS_EMBED_SWIFT_STANDARD_LIBRARIES = YES;
				BUNDLE_LOADER = "$(TEST_HOST)";
				CODE_SIGN_STYLE = Automatic;
				DEVELOPMENT_TEAM = VS9QL3ZC89;
				INFOPLIST_FILE = SwiftToolsTests/Info.plist;
				LD_RUNPATH_SEARCH_PATHS = "$(inherited) @executable_path/Frameworks @loader_path/Frameworks";
				PRODUCT_BUNDLE_IDENTIFIER = com.huang.SwiftToolsTests;
				PRODUCT_NAME = "$(TARGET_NAME)";
				SWIFT_VERSION = 4.0;
				TARGETED_DEVICE_FAMILY = "1,2";
				TEST_HOST = "$(BUILT_PRODUCTS_DIR)/SwiftTools.app/SwiftTools";
			};
			name = Debug;
		};
		8F8AB6681FA17DFE0049D7F1 /* Release */ = {
			isa = XCBuildConfiguration;
			baseConfigurationReference = 24EDBF6E825230129B63CC26 /* Pods-SwiftToolsTests.release.xcconfig */;
			buildSettings = {
				ALWAYS_EMBED_SWIFT_STANDARD_LIBRARIES = YES;
				BUNDLE_LOADER = "$(TEST_HOST)";
				CODE_SIGN_STYLE = Automatic;
				DEVELOPMENT_TEAM = VS9QL3ZC89;
				INFOPLIST_FILE = SwiftToolsTests/Info.plist;
				LD_RUNPATH_SEARCH_PATHS = "$(inherited) @executable_path/Frameworks @loader_path/Frameworks";
				PRODUCT_BUNDLE_IDENTIFIER = com.huang.SwiftToolsTests;
				PRODUCT_NAME = "$(TARGET_NAME)";
				SWIFT_VERSION = 4.0;
				TARGETED_DEVICE_FAMILY = "1,2";
				TEST_HOST = "$(BUILT_PRODUCTS_DIR)/SwiftTools.app/SwiftTools";
			};
			name = Release;
		};
		8F8AB66A1FA17DFE0049D7F1 /* Debug */ = {
			isa = XCBuildConfiguration;
			baseConfigurationReference = 29E6C6E7AFD65B38F2EF4792 /* Pods-SwiftToolsUITests.debug.xcconfig */;
			buildSettings = {
				ALWAYS_EMBED_SWIFT_STANDARD_LIBRARIES = YES;
				CODE_SIGN_STYLE = Automatic;
				DEVELOPMENT_TEAM = VS9QL3ZC89;
				INFOPLIST_FILE = SwiftToolsUITests/Info.plist;
				LD_RUNPATH_SEARCH_PATHS = "$(inherited) @executable_path/Frameworks @loader_path/Frameworks";
				PRODUCT_BUNDLE_IDENTIFIER = com.huang.SwiftToolsUITests;
				PRODUCT_NAME = "$(TARGET_NAME)";
				SWIFT_VERSION = 4.0;
				TARGETED_DEVICE_FAMILY = "1,2";
				TEST_TARGET_NAME = SwiftTools;
			};
			name = Debug;
		};
		8F8AB66B1FA17DFE0049D7F1 /* Release */ = {
			isa = XCBuildConfiguration;
			baseConfigurationReference = 53CEFE8264C7C74D8E0B4A15 /* Pods-SwiftToolsUITests.release.xcconfig */;
			buildSettings = {
				ALWAYS_EMBED_SWIFT_STANDARD_LIBRARIES = YES;
				CODE_SIGN_STYLE = Automatic;
				DEVELOPMENT_TEAM = VS9QL3ZC89;
				INFOPLIST_FILE = SwiftToolsUITests/Info.plist;
				LD_RUNPATH_SEARCH_PATHS = "$(inherited) @executable_path/Frameworks @loader_path/Frameworks";
				PRODUCT_BUNDLE_IDENTIFIER = com.huang.SwiftToolsUITests;
				PRODUCT_NAME = "$(TARGET_NAME)";
				SWIFT_VERSION = 4.0;
				TARGETED_DEVICE_FAMILY = "1,2";
				TEST_TARGET_NAME = SwiftTools;
			};
			name = Release;
		};
/* End XCBuildConfiguration section */

/* Begin XCConfigurationList section */
		8F8AB6331FA17DFD0049D7F1 /* Build configuration list for PBXProject "SwiftTools" */ = {
			isa = XCConfigurationList;
			buildConfigurations = (
				8F8AB6611FA17DFE0049D7F1 /* Debug */,
				8F8AB6621FA17DFE0049D7F1 /* Release */,
			);
			defaultConfigurationIsVisible = 0;
			defaultConfigurationName = Release;
		};
		8F8AB6631FA17DFE0049D7F1 /* Build configuration list for PBXNativeTarget "SwiftTools" */ = {
			isa = XCConfigurationList;
			buildConfigurations = (
				8F8AB6641FA17DFE0049D7F1 /* Debug */,
				8F8AB6651FA17DFE0049D7F1 /* Release */,
			);
			defaultConfigurationIsVisible = 0;
			defaultConfigurationName = Release;
		};
		8F8AB6661FA17DFE0049D7F1 /* Build configuration list for PBXNativeTarget "SwiftToolsTests" */ = {
			isa = XCConfigurationList;
			buildConfigurations = (
				8F8AB6671FA17DFE0049D7F1 /* Debug */,
				8F8AB6681FA17DFE0049D7F1 /* Release */,
			);
			defaultConfigurationIsVisible = 0;
			defaultConfigurationName = Release;
		};
		8F8AB6691FA17DFE0049D7F1 /* Build configuration list for PBXNativeTarget "SwiftToolsUITests" */ = {
			isa = XCConfigurationList;
			buildConfigurations = (
				8F8AB66A1FA17DFE0049D7F1 /* Debug */,
				8F8AB66B1FA17DFE0049D7F1 /* Release */,
			);
			defaultConfigurationIsVisible = 0;
			defaultConfigurationName = Release;
		};
/* End XCConfigurationList section */

/* Begin XCVersionGroup section */
		8F7F4F1D1FBA975700C20E33 /* DeviceModel.xcdatamodeld */ = {
			isa = XCVersionGroup;
			children = (
				8F7F4F1E1FBA975700C20E33 /* DeviceModel.xcdatamodel */,
			);
			currentVersion = 8F7F4F1E1FBA975700C20E33 /* DeviceModel.xcdatamodel */;
			path = DeviceModel.xcdatamodeld;
			sourceTree = "<group>";
			versionGroupType = wrapper.xcdatamodel;
		};
/* End XCVersionGroup section */
	};
	rootObject = 8F8AB6301FA17DFD0049D7F1 /* Project object */;
}
