// !$*UTF8*$!
{
	archiveVersion = 1;
	classes = {
	};
	objectVersion = 46;
	objects = {

/* Begin PBXBuildFile section */
		20DF94CB15E7C335D57F2E74 /* libPods-ChartViewSample.a in Frameworks */ = {isa = PBXBuildFile; fileRef = C5867FD9751639074B9F9858 /* libPods-ChartViewSample.a */; };
		4DDAB522E4C15B78F2C34374 /* libPods-ChartViewSampleUITests.a in Frameworks */ = {isa = PBXBuildFile; fileRef = DB47373813F611FC49D4BC86 /* libPods-ChartViewSampleUITests.a */; };
		8F62BE471F4A914300416831 /* MyLineChartViewController.m in Sources */ = {isa = PBXBuildFile; fileRef = 8F62BE451F4A914300416831 /* MyLineChartViewController.m */; };
		8F62BE481F4A914300416831 /* MyLineChartViewController.xib in Resources */ = {isa = PBXBuildFile; fileRef = 8F62BE461F4A914300416831 /* MyLineChartViewController.xib */; };
		8F6C88661F418C7F00FC1AC5 /* main.m in Sources */ = {isa = PBXBuildFile; fileRef = 8F6C88651F418C7F00FC1AC5 /* main.m */; };
		8F6C88691F418C7F00FC1AC5 /* AppDelegate.m in Sources */ = {isa = PBXBuildFile; fileRef = 8F6C88681F418C7F00FC1AC5 /* AppDelegate.m */; };
		8F6C886C1F418C7F00FC1AC5 /* ViewController.m in Sources */ = {isa = PBXBuildFile; fileRef = 8F6C886B1F418C7F00FC1AC5 /* ViewController.m */; };
		8F6C886F1F418C7F00FC1AC5 /* Main.storyboard in Resources */ = {isa = PBXBuildFile; fileRef = 8F6C886D1F418C7F00FC1AC5 /* Main.storyboard */; };
		8F6C88711F418C7F00FC1AC5 /* Assets.xcassets in Resources */ = {isa = PBXBuildFile; fileRef = 8F6C88701F418C7F00FC1AC5 /* Assets.xcassets */; };
		8F6C88741F418C7F00FC1AC5 /* LaunchScreen.storyboard in Resources */ = {isa = PBXBuildFile; fileRef = 8F6C88721F418C7F00FC1AC5 /* LaunchScreen.storyboard */; };
		8F6C887F1F418C7F00FC1AC5 /* ChartViewSampleTests.m in Sources */ = {isa = PBXBuildFile; fileRef = 8F6C887E1F418C7F00FC1AC5 /* ChartViewSampleTests.m */; };
		8F6C888A1F418C7F00FC1AC5 /* ChartViewSampleUITests.m in Sources */ = {isa = PBXBuildFile; fileRef = 8F6C88891F418C7F00FC1AC5 /* ChartViewSampleUITests.m */; };
		D481BF6A5B85F49AD8BA4DC1 /* libPods-ChartViewSampleTests.a in Frameworks */ = {isa = PBXBuildFile; fileRef = 24C9282FAF9D742CC2447039 /* libPods-ChartViewSampleTests.a */; };
/* End PBXBuildFile section */

/* Begin PBXContainerItemProxy section */
		8F6C887B1F418C7F00FC1AC5 /* PBXContainerItemProxy */ = {
			isa = PBXContainerItemProxy;
			containerPortal = 8F6C88591F418C7F00FC1AC5 /* Project object */;
			proxyType = 1;
			remoteGlobalIDString = 8F6C88601F418C7F00FC1AC5;
			remoteInfo = ChartViewSample;
		};
		8F6C88861F418C7F00FC1AC5 /* PBXContainerItemProxy */ = {
			isa = PBXContainerItemProxy;
			containerPortal = 8F6C88591F418C7F00FC1AC5 /* Project object */;
			proxyType = 1;
			remoteGlobalIDString = 8F6C88601F418C7F00FC1AC5;
			remoteInfo = ChartViewSample;
		};
/* End PBXContainerItemProxy section */

/* Begin PBXFileReference section */
		188B5D704CB769037E852DD8 /* Pods-ChartViewSampleUITests.debug.xcconfig */ = {isa = PBXFileReference; includeInIndex = 1; lastKnownFileType = text.xcconfig; name = "Pods-ChartViewSampleUITests.debug.xcconfig"; path = "Pods/Target Support Files/Pods-ChartViewSampleUITests/Pods-ChartViewSampleUITests.debug.xcconfig"; sourceTree = "<group>"; };
		24C9282FAF9D742CC2447039 /* libPods-ChartViewSampleTests.a */ = {isa = PBXFileReference; explicitFileType = archive.ar; includeInIndex = 0; path = "libPods-ChartViewSampleTests.a"; sourceTree = BUILT_PRODUCTS_DIR; };
		5B0D92C85ACEB513A0D50FB5 /* Pods-ChartViewSample.debug.xcconfig */ = {isa = PBXFileReference; includeInIndex = 1; lastKnownFileType = text.xcconfig; name = "Pods-ChartViewSample.debug.xcconfig"; path = "Pods/Target Support Files/Pods-ChartViewSample/Pods-ChartViewSample.debug.xcconfig"; sourceTree = "<group>"; };
		6EE06C0F85D0B59D831900C0 /* Pods-ChartViewSampleUITests.release.xcconfig */ = {isa = PBXFileReference; includeInIndex = 1; lastKnownFileType = text.xcconfig; name = "Pods-ChartViewSampleUITests.release.xcconfig"; path = "Pods/Target Support Files/Pods-ChartViewSampleUITests/Pods-ChartViewSampleUITests.release.xcconfig"; sourceTree = "<group>"; };
		864D4D42E25706D40300262F /* Pods-ChartViewSampleTests.debug.xcconfig */ = {isa = PBXFileReference; includeInIndex = 1; lastKnownFileType = text.xcconfig; name = "Pods-ChartViewSampleTests.debug.xcconfig"; path = "Pods/Target Support Files/Pods-ChartViewSampleTests/Pods-ChartViewSampleTests.debug.xcconfig"; sourceTree = "<group>"; };
		8F62BE441F4A914300416831 /* MyLineChartViewController.h */ = {isa = PBXFileReference; fileEncoding = 4; lastKnownFileType = sourcecode.c.h; path = MyLineChartViewController.h; sourceTree = "<group>"; };
		8F62BE451F4A914300416831 /* MyLineChartViewController.m */ = {isa = PBXFileReference; fileEncoding = 4; lastKnownFileType = sourcecode.c.objc; path = MyLineChartViewController.m; sourceTree = "<group>"; };
		8F62BE461F4A914300416831 /* MyLineChartViewController.xib */ = {isa = PBXFileReference; fileEncoding = 4; lastKnownFileType = file.xib; path = MyLineChartViewController.xib; sourceTree = "<group>"; };
		8F6C88611F418C7F00FC1AC5 /* ChartViewSample.app */ = {isa = PBXFileReference; explicitFileType = wrapper.application; includeInIndex = 0; path = ChartViewSample.app; sourceTree = BUILT_PRODUCTS_DIR; };
		8F6C88651F418C7F00FC1AC5 /* main.m */ = {isa = PBXFileReference; lastKnownFileType = sourcecode.c.objc; path = main.m; sourceTree = "<group>"; };
		8F6C88671F418C7F00FC1AC5 /* AppDelegate.h */ = {isa = PBXFileReference; lastKnownFileType = sourcecode.c.h; path = AppDelegate.h; sourceTree = "<group>"; };
		8F6C88681F418C7F00FC1AC5 /* AppDelegate.m */ = {isa = PBXFileReference; lastKnownFileType = sourcecode.c.objc; path = AppDelegate.m; sourceTree = "<group>"; };
		8F6C886A1F418C7F00FC1AC5 /* ViewController.h */ = {isa = PBXFileReference; lastKnownFileType = sourcecode.c.h; path = ViewController.h; sourceTree = "<group>"; };
		8F6C886B1F418C7F00FC1AC5 /* ViewController.m */ = {isa = PBXFileReference; lastKnownFileType = sourcecode.c.objc; path = ViewController.m; sourceTree = "<group>"; };
		8F6C886E1F418C7F00FC1AC5 /* Base */ = {isa = PBXFileReference; lastKnownFileType = file.storyboard; name = Base; path = Base.lproj/Main.storyboard; sourceTree = "<group>"; };
		8F6C88701F418C7F00FC1AC5 /* Assets.xcassets */ = {isa = PBXFileReference; lastKnownFileType = folder.assetcatalog; path = Assets.xcassets; sourceTree = "<group>"; };
		8F6C88731F418C7F00FC1AC5 /* Base */ = {isa = PBXFileReference; lastKnownFileType = file.storyboard; name = Base; path = Base.lproj/LaunchScreen.storyboard; sourceTree = "<group>"; };
		8F6C88751F418C7F00FC1AC5 /* Info.plist */ = {isa = PBXFileReference; lastKnownFileType = text.plist.xml; path = Info.plist; sourceTree = "<group>"; };
		8F6C887A1F418C7F00FC1AC5 /* ChartViewSampleTests.xctest */ = {isa = PBXFileReference; explicitFileType = wrapper.cfbundle; includeInIndex = 0; path = ChartViewSampleTests.xctest; sourceTree = BUILT_PRODUCTS_DIR; };
		8F6C887E1F418C7F00FC1AC5 /* ChartViewSampleTests.m */ = {isa = PBXFileReference; lastKnownFileType = sourcecode.c.objc; path = ChartViewSampleTests.m; sourceTree = "<group>"; };
		8F6C88801F418C7F00FC1AC5 /* Info.plist */ = {isa = PBXFileReference; lastKnownFileType = text.plist.xml; path = Info.plist; sourceTree = "<group>"; };
		8F6C88851F418C7F00FC1AC5 /* ChartViewSampleUITests.xctest */ = {isa = PBXFileReference; explicitFileType = wrapper.cfbundle; includeInIndex = 0; path = ChartViewSampleUITests.xctest; sourceTree = BUILT_PRODUCTS_DIR; };
		8F6C88891F418C7F00FC1AC5 /* ChartViewSampleUITests.m */ = {isa = PBXFileReference; lastKnownFileType = sourcecode.c.objc; path = ChartViewSampleUITests.m; sourceTree = "<group>"; };
		8F6C888B1F418C7F00FC1AC5 /* Info.plist */ = {isa = PBXFileReference; lastKnownFileType = text.plist.xml; path = Info.plist; sourceTree = "<group>"; };
		AD93889875748B4F6A83CC8B /* Pods-ChartViewSample.release.xcconfig */ = {isa = PBXFileReference; includeInIndex = 1; lastKnownFileType = text.xcconfig; name = "Pods-ChartViewSample.release.xcconfig"; path = "Pods/Target Support Files/Pods-ChartViewSample/Pods-ChartViewSample.release.xcconfig"; sourceTree = "<group>"; };
		C5867FD9751639074B9F9858 /* libPods-ChartViewSample.a */ = {isa = PBXFileReference; explicitFileType = archive.ar; includeInIndex = 0; path = "libPods-ChartViewSample.a"; sourceTree = BUILT_PRODUCTS_DIR; };
		DB47373813F611FC49D4BC86 /* libPods-ChartViewSampleUITests.a */ = {isa = PBXFileReference; explicitFileType = archive.ar; includeInIndex = 0; path = "libPods-ChartViewSampleUITests.a"; sourceTree = BUILT_PRODUCTS_DIR; };
		DB6CF44FA33623450118340D /* Pods-ChartViewSampleTests.release.xcconfig */ = {isa = PBXFileReference; includeInIndex = 1; lastKnownFileType = text.xcconfig; name = "Pods-ChartViewSampleTests.release.xcconfig"; path = "Pods/Target Support Files/Pods-ChartViewSampleTests/Pods-ChartViewSampleTests.release.xcconfig"; sourceTree = "<group>"; };
/* End PBXFileReference section */

/* Begin PBXFrameworksBuildPhase section */
		8F6C885E1F418C7F00FC1AC5 /* Frameworks */ = {
			isa = PBXFrameworksBuildPhase;
			buildActionMask = 2147483647;
			files = (
				20DF94CB15E7C335D57F2E74 /* libPods-ChartViewSample.a in Frameworks */,
			);
			runOnlyForDeploymentPostprocessing = 0;
		};
		8F6C88771F418C7F00FC1AC5 /* Frameworks */ = {
			isa = PBXFrameworksBuildPhase;
			buildActionMask = 2147483647;
			files = (
				D481BF6A5B85F49AD8BA4DC1 /* libPods-ChartViewSampleTests.a in Frameworks */,
			);
			runOnlyForDeploymentPostprocessing = 0;
		};
		8F6C88821F418C7F00FC1AC5 /* Frameworks */ = {
			isa = PBXFrameworksBuildPhase;
			buildActionMask = 2147483647;
			files = (
				4DDAB522E4C15B78F2C34374 /* libPods-ChartViewSampleUITests.a in Frameworks */,
			);
			runOnlyForDeploymentPostprocessing = 0;
		};
/* End PBXFrameworksBuildPhase section */

/* Begin PBXGroup section */
		2C1FAC10390804CC36D4DF47 /* Pods */ = {
			isa = PBXGroup;
			children = (
				5B0D92C85ACEB513A0D50FB5 /* Pods-ChartViewSample.debug.xcconfig */,
				AD93889875748B4F6A83CC8B /* Pods-ChartViewSample.release.xcconfig */,
				864D4D42E25706D40300262F /* Pods-ChartViewSampleTests.debug.xcconfig */,
				DB6CF44FA33623450118340D /* Pods-ChartViewSampleTests.release.xcconfig */,
				188B5D704CB769037E852DD8 /* Pods-ChartViewSampleUITests.debug.xcconfig */,
				6EE06C0F85D0B59D831900C0 /* Pods-ChartViewSampleUITests.release.xcconfig */,
			);
			name = Pods;
			sourceTree = "<group>";
		};
		8C93AD66B021820A1D60C54F /* Frameworks */ = {
			isa = PBXGroup;
			children = (
				C5867FD9751639074B9F9858 /* libPods-ChartViewSample.a */,
				24C9282FAF9D742CC2447039 /* libPods-ChartViewSampleTests.a */,
				DB47373813F611FC49D4BC86 /* libPods-ChartViewSampleUITests.a */,
			);
			name = Frameworks;
			sourceTree = "<group>";
		};
		8F62BE3C1F4A8F8400416831 /* CodeClass */ = {
			isa = PBXGroup;
			children = (
				8F62BE401F4A90EA00416831 /* LineChart */,
			);
			path = CodeClass;
			sourceTree = "<group>";
		};
		8F62BE401F4A90EA00416831 /* LineChart */ = {
			isa = PBXGroup;
			children = (
				8F62BE411F4A90EA00416831 /* Controller */,
				8F62BE421F4A90EA00416831 /* Model */,
				8F62BE431F4A90EA00416831 /* View */,
			);
			path = LineChart;
			sourceTree = "<group>";
		};
		8F62BE411F4A90EA00416831 /* Controller */ = {
			isa = PBXGroup;
			children = (
				8F62BE441F4A914300416831 /* MyLineChartViewController.h */,
				8F62BE451F4A914300416831 /* MyLineChartViewController.m */,
				8F62BE461F4A914300416831 /* MyLineChartViewController.xib */,
			);
			path = Controller;
			sourceTree = "<group>";
		};
		8F62BE421F4A90EA00416831 /* Model */ = {
			isa = PBXGroup;
			children = (
			);
			path = Model;
			sourceTree = "<group>";
		};
		8F62BE431F4A90EA00416831 /* View */ = {
			isa = PBXGroup;
			children = (
			);
			path = View;
			sourceTree = "<group>";
		};
		8F6C88581F418C7F00FC1AC5 = {
			isa = PBXGroup;
			children = (
				8F6C88631F418C7F00FC1AC5 /* ChartViewSample */,
				8F6C887D1F418C7F00FC1AC5 /* ChartViewSampleTests */,
				8F6C88881F418C7F00FC1AC5 /* ChartViewSampleUITests */,
				8F6C88621F418C7F00FC1AC5 /* Products */,
				2C1FAC10390804CC36D4DF47 /* Pods */,
				8C93AD66B021820A1D60C54F /* Frameworks */,
			);
			sourceTree = "<group>";
		};
		8F6C88621F418C7F00FC1AC5 /* Products */ = {
			isa = PBXGroup;
			children = (
				8F6C88611F418C7F00FC1AC5 /* ChartViewSample.app */,
				8F6C887A1F418C7F00FC1AC5 /* ChartViewSampleTests.xctest */,
				8F6C88851F418C7F00FC1AC5 /* ChartViewSampleUITests.xctest */,
			);
			name = Products;
			sourceTree = "<group>";
		};
		8F6C88631F418C7F00FC1AC5 /* ChartViewSample */ = {
			isa = PBXGroup;
			children = (
				8F6C88671F418C7F00FC1AC5 /* AppDelegate.h */,
				8F6C88681F418C7F00FC1AC5 /* AppDelegate.m */,
				8F6C886A1F418C7F00FC1AC5 /* ViewController.h */,
				8F6C886B1F418C7F00FC1AC5 /* ViewController.m */,
				8F6C886D1F418C7F00FC1AC5 /* Main.storyboard */,
				8F6C88701F418C7F00FC1AC5 /* Assets.xcassets */,
				8F6C88721F418C7F00FC1AC5 /* LaunchScreen.storyboard */,
				8F6C88751F418C7F00FC1AC5 /* Info.plist */,
				8F62BE3C1F4A8F8400416831 /* CodeClass */,
				8F6C88641F418C7F00FC1AC5 /* Supporting Files */,
			);
			path = ChartViewSample;
			sourceTree = "<group>";
		};
		8F6C88641F418C7F00FC1AC5 /* Supporting Files */ = {
			isa = PBXGroup;
			children = (
				8F6C88651F418C7F00FC1AC5 /* main.m */,
			);
			name = "Supporting Files";
			sourceTree = "<group>";
		};
		8F6C887D1F418C7F00FC1AC5 /* ChartViewSampleTests */ = {
			isa = PBXGroup;
			children = (
				8F6C887E1F418C7F00FC1AC5 /* ChartViewSampleTests.m */,
				8F6C88801F418C7F00FC1AC5 /* Info.plist */,
			);
			path = ChartViewSampleTests;
			sourceTree = "<group>";
		};
		8F6C88881F418C7F00FC1AC5 /* ChartViewSampleUITests */ = {
			isa = PBXGroup;
			children = (
				8F6C88891F418C7F00FC1AC5 /* ChartViewSampleUITests.m */,
				8F6C888B1F418C7F00FC1AC5 /* Info.plist */,
			);
			path = ChartViewSampleUITests;
			sourceTree = "<group>";
		};
/* End PBXGroup section */

/* Begin PBXNativeTarget section */
		8F6C88601F418C7F00FC1AC5 /* ChartViewSample */ = {
			isa = PBXNativeTarget;
			buildConfigurationList = 8F6C888E1F418C7F00FC1AC5 /* Build configuration list for PBXNativeTarget "ChartViewSample" */;
			buildPhases = (
				8FBEB549D0EBFD015B610FD7 /* [CP] Check Pods Manifest.lock */,
				8F6C885D1F418C7F00FC1AC5 /* Sources */,
				8F6C885E1F418C7F00FC1AC5 /* Frameworks */,
				8F6C885F1F418C7F00FC1AC5 /* Resources */,
				5E5D7530E5657E8329016223 /* [CP] Embed Pods Frameworks */,
				4062C583996D8E14ED37CFA3 /* [CP] Copy Pods Resources */,
			);
			buildRules = (
			);
			dependencies = (
			);
			name = ChartViewSample;
			productName = ChartViewSample;
			productReference = 8F6C88611F418C7F00FC1AC5 /* ChartViewSample.app */;
			productType = "com.apple.product-type.application";
		};
		8F6C88791F418C7F00FC1AC5 /* ChartViewSampleTests */ = {
			isa = PBXNativeTarget;
			buildConfigurationList = 8F6C88911F418C7F00FC1AC5 /* Build configuration list for PBXNativeTarget "ChartViewSampleTests" */;
			buildPhases = (
				49A657C64095F9696129B720 /* [CP] Check Pods Manifest.lock */,
				8F6C88761F418C7F00FC1AC5 /* Sources */,
				8F6C88771F418C7F00FC1AC5 /* Frameworks */,
				8F6C88781F418C7F00FC1AC5 /* Resources */,
				6CC1B7B2096FEB017F2E269B /* [CP] Embed Pods Frameworks */,
				E16CB01A20FFD82798EFA753 /* [CP] Copy Pods Resources */,
			);
			buildRules = (
			);
			dependencies = (
				8F6C887C1F418C7F00FC1AC5 /* PBXTargetDependency */,
			);
			name = ChartViewSampleTests;
			productName = ChartViewSampleTests;
			productReference = 8F6C887A1F418C7F00FC1AC5 /* ChartViewSampleTests.xctest */;
			productType = "com.apple.product-type.bundle.unit-test";
		};
		8F6C88841F418C7F00FC1AC5 /* ChartViewSampleUITests */ = {
			isa = PBXNativeTarget;
			buildConfigurationList = 8F6C88941F418C7F00FC1AC5 /* Build configuration list for PBXNativeTarget "ChartViewSampleUITests" */;
			buildPhases = (
				9D1FC9CDB9D81414A7F28F82 /* [CP] Check Pods Manifest.lock */,
				8F6C88811F418C7F00FC1AC5 /* Sources */,
				8F6C88821F418C7F00FC1AC5 /* Frameworks */,
				8F6C88831F418C7F00FC1AC5 /* Resources */,
				EF07C4A4BFBD23D166347973 /* [CP] Copy Pods Resources */,
			);
			buildRules = (
			);
			dependencies = (
				8F6C88871F418C7F00FC1AC5 /* PBXTargetDependency */,
			);
			name = ChartViewSampleUITests;
			productName = ChartViewSampleUITests;
			productReference = 8F6C88851F418C7F00FC1AC5 /* ChartViewSampleUITests.xctest */;
			productType = "com.apple.product-type.bundle.ui-testing";
		};
/* End PBXNativeTarget section */

/* Begin PBXProject section */
		8F6C88591F418C7F00FC1AC5 /* Project object */ = {
			isa = PBXProject;
			attributes = {
				LastUpgradeCheck = 0830;
				ORGANIZATIONNAME = "huang zhengguo";
				TargetAttributes = {
					8F6C88601F418C7F00FC1AC5 = {
						CreatedOnToolsVersion = 8.3.2;
						DevelopmentTeam = TP2XCH35TP;
						ProvisioningStyle = Automatic;
					};
					8F6C88791F418C7F00FC1AC5 = {
						CreatedOnToolsVersion = 8.3.2;
						DevelopmentTeam = TP2XCH35TP;
						ProvisioningStyle = Automatic;
						TestTargetID = 8F6C88601F418C7F00FC1AC5;
					};
					8F6C88841F418C7F00FC1AC5 = {
						CreatedOnToolsVersion = 8.3.2;
						DevelopmentTeam = TP2XCH35TP;
						ProvisioningStyle = Automatic;
						TestTargetID = 8F6C88601F418C7F00FC1AC5;
					};
				};
			};
			buildConfigurationList = 8F6C885C1F418C7F00FC1AC5 /* Build configuration list for PBXProject "ChartViewSample" */;
			compatibilityVersion = "Xcode 3.2";
			developmentRegion = English;
			hasScannedForEncodings = 0;
			knownRegions = (
				en,
				Base,
			);
			mainGroup = 8F6C88581F418C7F00FC1AC5;
			productRefGroup = 8F6C88621F418C7F00FC1AC5 /* Products */;
			projectDirPath = "";
			projectRoot = "";
			targets = (
				8F6C88601F418C7F00FC1AC5 /* ChartViewSample */,
				8F6C88791F418C7F00FC1AC5 /* ChartViewSampleTests */,
				8F6C88841F418C7F00FC1AC5 /* ChartViewSampleUITests */,
			);
		};
/* End PBXProject section */

/* Begin PBXResourcesBuildPhase section */
		8F6C885F1F418C7F00FC1AC5 /* Resources */ = {
			isa = PBXResourcesBuildPhase;
			buildActionMask = 2147483647;
			files = (
				8F6C88741F418C7F00FC1AC5 /* LaunchScreen.storyboard in Resources */,
				8F62BE481F4A914300416831 /* MyLineChartViewController.xib in Resources */,
				8F6C88711F418C7F00FC1AC5 /* Assets.xcassets in Resources */,
				8F6C886F1F418C7F00FC1AC5 /* Main.storyboard in Resources */,
			);
			runOnlyForDeploymentPostprocessing = 0;
		};
		8F6C88781F418C7F00FC1AC5 /* Resources */ = {
			isa = PBXResourcesBuildPhase;
			buildActionMask = 2147483647;
			files = (
			);
			runOnlyForDeploymentPostprocessing = 0;
		};
		8F6C88831F418C7F00FC1AC5 /* Resources */ = {
			isa = PBXResourcesBuildPhase;
			buildActionMask = 2147483647;
			files = (
			);
			runOnlyForDeploymentPostprocessing = 0;
		};
/* End PBXResourcesBuildPhase section */

/* Begin PBXShellScriptBuildPhase section */
		4062C583996D8E14ED37CFA3 /* [CP] Copy Pods Resources */ = {
			isa = PBXShellScriptBuildPhase;
			buildActionMask = 2147483647;
			files = (
			);
			inputPaths = (
			);
			name = "[CP] Copy Pods Resources";
			outputPaths = (
			);
			runOnlyForDeploymentPostprocessing = 0;
			shellPath = /bin/sh;
			shellScript = "\"${SRCROOT}/Pods/Target Support Files/Pods-ChartViewSample/Pods-ChartViewSample-resources.sh\"\n";
			showEnvVarsInLog = 0;
		};
		49A657C64095F9696129B720 /* [CP] Check Pods Manifest.lock */ = {
			isa = PBXShellScriptBuildPhase;
			buildActionMask = 2147483647;
			files = (
			);
			inputPaths = (
			);
			name = "[CP] Check Pods Manifest.lock";
			outputPaths = (
			);
			runOnlyForDeploymentPostprocessing = 0;
			shellPath = /bin/sh;
			shellScript = "diff \"${PODS_ROOT}/../Podfile.lock\" \"${PODS_ROOT}/Manifest.lock\" > /dev/null\nif [[ $? != 0 ]] ; then\n    cat << EOM\nerror: The sandbox is not in sync with the Podfile.lock. Run 'pod install' or update your CocoaPods installation.\nEOM\n    exit 1\nfi\n";
			showEnvVarsInLog = 0;
		};
		5E5D7530E5657E8329016223 /* [CP] Embed Pods Frameworks */ = {
			isa = PBXShellScriptBuildPhase;
			buildActionMask = 2147483647;
			files = (
			);
			inputPaths = (
			);
			name = "[CP] Embed Pods Frameworks";
			outputPaths = (
			);
			runOnlyForDeploymentPostprocessing = 0;
			shellPath = /bin/sh;
			shellScript = "\"${SRCROOT}/Pods/Target Support Files/Pods-ChartViewSample/Pods-ChartViewSample-frameworks.sh\"\n";
			showEnvVarsInLog = 0;
		};
		6CC1B7B2096FEB017F2E269B /* [CP] Embed Pods Frameworks */ = {
			isa = PBXShellScriptBuildPhase;
			buildActionMask = 2147483647;
			files = (
			);
			inputPaths = (
			);
			name = "[CP] Embed Pods Frameworks";
			outputPaths = (
			);
			runOnlyForDeploymentPostprocessing = 0;
			shellPath = /bin/sh;
			shellScript = "\"${SRCROOT}/Pods/Target Support Files/Pods-ChartViewSampleTests/Pods-ChartViewSampleTests-frameworks.sh\"\n";
			showEnvVarsInLog = 0;
		};
		8FBEB549D0EBFD015B610FD7 /* [CP] Check Pods Manifest.lock */ = {
			isa = PBXShellScriptBuildPhase;
			buildActionMask = 2147483647;
			files = (
			);
			inputPaths = (
			);
			name = "[CP] Check Pods Manifest.lock";
			outputPaths = (
			);
			runOnlyForDeploymentPostprocessing = 0;
			shellPath = /bin/sh;
			shellScript = "diff \"${PODS_ROOT}/../Podfile.lock\" \"${PODS_ROOT}/Manifest.lock\" > /dev/null\nif [[ $? != 0 ]] ; then\n    cat << EOM\nerror: The sandbox is not in sync with the Podfile.lock. Run 'pod install' or update your CocoaPods installation.\nEOM\n    exit 1\nfi\n";
			showEnvVarsInLog = 0;
		};
		9D1FC9CDB9D81414A7F28F82 /* [CP] Check Pods Manifest.lock */ = {
			isa = PBXShellScriptBuildPhase;
			buildActionMask = 2147483647;
			files = (
			);
			inputPaths = (
			);
			name = "[CP] Check Pods Manifest.lock";
			outputPaths = (
			);
			runOnlyForDeploymentPostprocessing = 0;
			shellPath = /bin/sh;
			shellScript = "diff \"${PODS_ROOT}/../Podfile.lock\" \"${PODS_ROOT}/Manifest.lock\" > /dev/null\nif [[ $? != 0 ]] ; then\n    cat << EOM\nerror: The sandbox is not in sync with the Podfile.lock. Run 'pod install' or update your CocoaPods installation.\nEOM\n    exit 1\nfi\n";
			showEnvVarsInLog = 0;
		};
		E16CB01A20FFD82798EFA753 /* [CP] Copy Pods Resources */ = {
			isa = PBXShellScriptBuildPhase;
			buildActionMask = 2147483647;
			files = (
			);
			inputPaths = (
			);
			name = "[CP] Copy Pods Resources";
			outputPaths = (
			);
			runOnlyForDeploymentPostprocessing = 0;
			shellPath = /bin/sh;
			shellScript = "\"${SRCROOT}/Pods/Target Support Files/Pods-ChartViewSampleTests/Pods-ChartViewSampleTests-resources.sh\"\n";
			showEnvVarsInLog = 0;
		};
		EF07C4A4BFBD23D166347973 /* [CP] Copy Pods Resources */ = {
			isa = PBXShellScriptBuildPhase;
			buildActionMask = 2147483647;
			files = (
			);
			inputPaths = (
			);
			name = "[CP] Copy Pods Resources";
			outputPaths = (
			);
			runOnlyForDeploymentPostprocessing = 0;
			shellPath = /bin/sh;
			shellScript = "\"${SRCROOT}/Pods/Target Support Files/Pods-ChartViewSampleUITests/Pods-ChartViewSampleUITests-resources.sh\"\n";
			showEnvVarsInLog = 0;
		};
/* End PBXShellScriptBuildPhase section */

/* Begin PBXSourcesBuildPhase section */
		8F6C885D1F418C7F00FC1AC5 /* Sources */ = {
			isa = PBXSourcesBuildPhase;
			buildActionMask = 2147483647;
			files = (
				8F6C886C1F418C7F00FC1AC5 /* ViewController.m in Sources */,
				8F62BE471F4A914300416831 /* MyLineChartViewController.m in Sources */,
				8F6C88691F418C7F00FC1AC5 /* AppDelegate.m in Sources */,
				8F6C88661F418C7F00FC1AC5 /* main.m in Sources */,
			);
			runOnlyForDeploymentPostprocessing = 0;
		};
		8F6C88761F418C7F00FC1AC5 /* Sources */ = {
			isa = PBXSourcesBuildPhase;
			buildActionMask = 2147483647;
			files = (
				8F6C887F1F418C7F00FC1AC5 /* ChartViewSampleTests.m in Sources */,
			);
			runOnlyForDeploymentPostprocessing = 0;
		};
		8F6C88811F418C7F00FC1AC5 /* Sources */ = {
			isa = PBXSourcesBuildPhase;
			buildActionMask = 2147483647;
			files = (
				8F6C888A1F418C7F00FC1AC5 /* ChartViewSampleUITests.m in Sources */,
			);
			runOnlyForDeploymentPostprocessing = 0;
		};
/* End PBXSourcesBuildPhase section */

/* Begin PBXTargetDependency section */
		8F6C887C1F418C7F00FC1AC5 /* PBXTargetDependency */ = {
			isa = PBXTargetDependency;
			target = 8F6C88601F418C7F00FC1AC5 /* ChartViewSample */;
			targetProxy = 8F6C887B1F418C7F00FC1AC5 /* PBXContainerItemProxy */;
		};
		8F6C88871F418C7F00FC1AC5 /* PBXTargetDependency */ = {
			isa = PBXTargetDependency;
			target = 8F6C88601F418C7F00FC1AC5 /* ChartViewSample */;
			targetProxy = 8F6C88861F418C7F00FC1AC5 /* PBXContainerItemProxy */;
		};
/* End PBXTargetDependency section */

/* Begin PBXVariantGroup section */
		8F6C886D1F418C7F00FC1AC5 /* Main.storyboard */ = {
			isa = PBXVariantGroup;
			children = (
				8F6C886E1F418C7F00FC1AC5 /* Base */,
			);
			name = Main.storyboard;
			sourceTree = "<group>";
		};
		8F6C88721F418C7F00FC1AC5 /* LaunchScreen.storyboard */ = {
			isa = PBXVariantGroup;
			children = (
				8F6C88731F418C7F00FC1AC5 /* Base */,
			);
			name = LaunchScreen.storyboard;
			sourceTree = "<group>";
		};
/* End PBXVariantGroup section */

/* Begin XCBuildConfiguration section */
		8F6C888C1F418C7F00FC1AC5 /* Debug */ = {
			isa = XCBuildConfiguration;
			buildSettings = {
				ALWAYS_SEARCH_USER_PATHS = NO;
				CLANG_ANALYZER_NONNULL = YES;
				CLANG_ANALYZER_NUMBER_OBJECT_CONVERSION = YES_AGGRESSIVE;
				CLANG_CXX_LANGUAGE_STANDARD = "gnu++0x";
				CLANG_CXX_LIBRARY = "libc++";
				CLANG_ENABLE_MODULES = YES;
				CLANG_ENABLE_OBJC_ARC = YES;
				CLANG_WARN_BOOL_CONVERSION = YES;
				CLANG_WARN_CONSTANT_CONVERSION = YES;
				CLANG_WARN_DIRECT_OBJC_ISA_USAGE = YES_ERROR;
				CLANG_WARN_DOCUMENTATION_COMMENTS = YES;
				CLANG_WARN_EMPTY_BODY = YES;
				CLANG_WARN_ENUM_CONVERSION = YES;
				CLANG_WARN_INFINITE_RECURSION = YES;
				CLANG_WARN_INT_CONVERSION = YES;
				CLANG_WARN_OBJC_ROOT_CLASS = YES_ERROR;
				CLANG_WARN_SUSPICIOUS_MOVE = YES;
				CLANG_WARN_UNREACHABLE_CODE = YES;
				CLANG_WARN__DUPLICATE_METHOD_MATCH = YES;
				"CODE_SIGN_IDENTITY[sdk=iphoneos*]" = "iPhone Developer";
				COPY_PHASE_STRIP = NO;
				DEBUG_INFORMATION_FORMAT = dwarf;
				ENABLE_STRICT_OBJC_MSGSEND = YES;
				ENABLE_TESTABILITY = YES;
				GCC_C_LANGUAGE_STANDARD = gnu99;
				GCC_DYNAMIC_NO_PIC = NO;
				GCC_NO_COMMON_BLOCKS = YES;
				GCC_OPTIMIZATION_LEVEL = 0;
				GCC_PREPROCESSOR_DEFINITIONS = (
					"DEBUG=1",
					"$(inherited)",
				);
				GCC_WARN_64_TO_32_BIT_CONVERSION = YES;
				GCC_WARN_ABOUT_RETURN_TYPE = YES_ERROR;
				GCC_WARN_UNDECLARED_SELECTOR = YES;
				GCC_WARN_UNINITIALIZED_AUTOS = YES_AGGRESSIVE;
				GCC_WARN_UNUSED_FUNCTION = YES;
				GCC_WARN_UNUSED_VARIABLE = YES;
				IPHONEOS_DEPLOYMENT_TARGET = 10.3;
				MTL_ENABLE_DEBUG_INFO = YES;
				ONLY_ACTIVE_ARCH = YES;
				SDKROOT = iphoneos;
				TARGETED_DEVICE_FAMILY = "1,2";
			};
			name = Debug;
		};
		8F6C888D1F418C7F00FC1AC5 /* Release */ = {
			isa = XCBuildConfiguration;
			buildSettings = {
				ALWAYS_SEARCH_USER_PATHS = NO;
				CLANG_ANALYZER_NONNULL = YES;
				CLANG_ANALYZER_NUMBER_OBJECT_CONVERSION = YES_AGGRESSIVE;
				CLANG_CXX_LANGUAGE_STANDARD = "gnu++0x";
				CLANG_CXX_LIBRARY = "libc++";
				CLANG_ENABLE_MODULES = YES;
				CLANG_ENABLE_OBJC_ARC = YES;
				CLANG_WARN_BOOL_CONVERSION = YES;
				CLANG_WARN_CONSTANT_CONVERSION = YES;
				CLANG_WARN_DIRECT_OBJC_ISA_USAGE = YES_ERROR;
				CLANG_WARN_DOCUMENTATION_COMMENTS = YES;
				CLANG_WARN_EMPTY_BODY = YES;
				CLANG_WARN_ENUM_CONVERSION = YES;
				CLANG_WARN_INFINITE_RECURSION = YES;
				CLANG_WARN_INT_CONVERSION = YES;
				CLANG_WARN_OBJC_ROOT_CLASS = YES_ERROR;
				CLANG_WARN_SUSPICIOUS_MOVE = YES;
				CLANG_WARN_UNREACHABLE_CODE = YES;
				CLANG_WARN__DUPLICATE_METHOD_MATCH = YES;
				"CODE_SIGN_IDENTITY[sdk=iphoneos*]" = "iPhone Developer";
				COPY_PHASE_STRIP = NO;
				DEBUG_INFORMATION_FORMAT = "dwarf-with-dsym";
				ENABLE_NS_ASSERTIONS = NO;
				ENABLE_STRICT_OBJC_MSGSEND = YES;
				GCC_C_LANGUAGE_STANDARD = gnu99;
				GCC_NO_COMMON_BLOCKS = YES;
				GCC_WARN_64_TO_32_BIT_CONVERSION = YES;
				GCC_WARN_ABOUT_RETURN_TYPE = YES_ERROR;
				GCC_WARN_UNDECLARED_SELECTOR = YES;
				GCC_WARN_UNINITIALIZED_AUTOS = YES_AGGRESSIVE;
				GCC_WARN_UNUSED_FUNCTION = YES;
				GCC_WARN_UNUSED_VARIABLE = YES;
				IPHONEOS_DEPLOYMENT_TARGET = 10.3;
				MTL_ENABLE_DEBUG_INFO = NO;
				SDKROOT = iphoneos;
				TARGETED_DEVICE_FAMILY = "1,2";
				VALIDATE_PRODUCT = YES;
			};
			name = Release;
		};
		8F6C888F1F418C7F00FC1AC5 /* Debug */ = {
			isa = XCBuildConfiguration;
			baseConfigurationReference = 5B0D92C85ACEB513A0D50FB5 /* Pods-ChartViewSample.debug.xcconfig */;
			buildSettings = {
				ASSETCATALOG_COMPILER_APPICON_NAME = AppIcon;
				DEVELOPMENT_TEAM = TP2XCH35TP;
				INFOPLIST_FILE = ChartViewSample/Info.plist;
				LD_RUNPATH_SEARCH_PATHS = "$(inherited) @executable_path/Frameworks";
				PRODUCT_BUNDLE_IDENTIFIER = com.huang.ChartViewSample;
				PRODUCT_NAME = "$(TARGET_NAME)";
			};
			name = Debug;
		};
		8F6C88901F418C7F00FC1AC5 /* Release */ = {
			isa = XCBuildConfiguration;
			baseConfigurationReference = AD93889875748B4F6A83CC8B /* Pods-ChartViewSample.release.xcconfig */;
			buildSettings = {
				ASSETCATALOG_COMPILER_APPICON_NAME = AppIcon;
				DEVELOPMENT_TEAM = TP2XCH35TP;
				INFOPLIST_FILE = ChartViewSample/Info.plist;
				LD_RUNPATH_SEARCH_PATHS = "$(inherited) @executable_path/Frameworks";
				PRODUCT_BUNDLE_IDENTIFIER = com.huang.ChartViewSample;
				PRODUCT_NAME = "$(TARGET_NAME)";
			};
			name = Release;
		};
		8F6C88921F418C7F00FC1AC5 /* Debug */ = {
			isa = XCBuildConfiguration;
			baseConfigurationReference = 864D4D42E25706D40300262F /* Pods-ChartViewSampleTests.debug.xcconfig */;
			buildSettings = {
				BUNDLE_LOADER = "$(TEST_HOST)";
				DEVELOPMENT_TEAM = TP2XCH35TP;
				INFOPLIST_FILE = ChartViewSampleTests/Info.plist;
				LD_RUNPATH_SEARCH_PATHS = "$(inherited) @executable_path/Frameworks @loader_path/Frameworks";
				PRODUCT_BUNDLE_IDENTIFIER = com.huang.ChartViewSampleTests;
				PRODUCT_NAME = "$(TARGET_NAME)";
				TEST_HOST = "$(BUILT_PRODUCTS_DIR)/ChartViewSample.app/ChartViewSample";
			};
			name = Debug;
		};
		8F6C88931F418C7F00FC1AC5 /* Release */ = {
			isa = XCBuildConfiguration;
			baseConfigurationReference = DB6CF44FA33623450118340D /* Pods-ChartViewSampleTests.release.xcconfig */;
			buildSettings = {
				BUNDLE_LOADER = "$(TEST_HOST)";
				DEVELOPMENT_TEAM = TP2XCH35TP;
				INFOPLIST_FILE = ChartViewSampleTests/Info.plist;
				LD_RUNPATH_SEARCH_PATHS = "$(inherited) @executable_path/Frameworks @loader_path/Frameworks";
				PRODUCT_BUNDLE_IDENTIFIER = com.huang.ChartViewSampleTests;
				PRODUCT_NAME = "$(TARGET_NAME)";
				TEST_HOST = "$(BUILT_PRODUCTS_DIR)/ChartViewSample.app/ChartViewSample";
			};
			name = Release;
		};
		8F6C88951F418C7F00FC1AC5 /* Debug */ = {
			isa = XCBuildConfiguration;
			baseConfigurationReference = 188B5D704CB769037E852DD8 /* Pods-ChartViewSampleUITests.debug.xcconfig */;
			buildSettings = {
				DEVELOPMENT_TEAM = TP2XCH35TP;
				INFOPLIST_FILE = ChartViewSampleUITests/Info.plist;
				LD_RUNPATH_SEARCH_PATHS = "$(inherited) @executable_path/Frameworks @loader_path/Frameworks";
				PRODUCT_BUNDLE_IDENTIFIER = com.huang.ChartViewSampleUITests;
				PRODUCT_NAME = "$(TARGET_NAME)";
				TEST_TARGET_NAME = ChartViewSample;
			};
			name = Debug;
		};
		8F6C88961F418C7F00FC1AC5 /* Release */ = {
			isa = XCBuildConfiguration;
			baseConfigurationReference = 6EE06C0F85D0B59D831900C0 /* Pods-ChartViewSampleUITests.release.xcconfig */;
			buildSettings = {
				DEVELOPMENT_TEAM = TP2XCH35TP;
				INFOPLIST_FILE = ChartViewSampleUITests/Info.plist;
				LD_RUNPATH_SEARCH_PATHS = "$(inherited) @executable_path/Frameworks @loader_path/Frameworks";
				PRODUCT_BUNDLE_IDENTIFIER = com.huang.ChartViewSampleUITests;
				PRODUCT_NAME = "$(TARGET_NAME)";
				TEST_TARGET_NAME = ChartViewSample;
			};
			name = Release;
		};
/* End XCBuildConfiguration section */

/* Begin XCConfigurationList section */
		8F6C885C1F418C7F00FC1AC5 /* Build configuration list for PBXProject "ChartViewSample" */ = {
			isa = XCConfigurationList;
			buildConfigurations = (
				8F6C888C1F418C7F00FC1AC5 /* Debug */,
				8F6C888D1F418C7F00FC1AC5 /* Release */,
			);
			defaultConfigurationIsVisible = 0;
			defaultConfigurationName = Release;
		};
		8F6C888E1F418C7F00FC1AC5 /* Build configuration list for PBXNativeTarget "ChartViewSample" */ = {
			isa = XCConfigurationList;
			buildConfigurations = (
				8F6C888F1F418C7F00FC1AC5 /* Debug */,
				8F6C88901F418C7F00FC1AC5 /* Release */,
			);
			defaultConfigurationIsVisible = 0;
			defaultConfigurationName = Release;
		};
		8F6C88911F418C7F00FC1AC5 /* Build configuration list for PBXNativeTarget "ChartViewSampleTests" */ = {
			isa = XCConfigurationList;
			buildConfigurations = (
				8F6C88921F418C7F00FC1AC5 /* Debug */,
				8F6C88931F418C7F00FC1AC5 /* Release */,
			);
			defaultConfigurationIsVisible = 0;
			defaultConfigurationName = Release;
		};
		8F6C88941F418C7F00FC1AC5 /* Build configuration list for PBXNativeTarget "ChartViewSampleUITests" */ = {
			isa = XCConfigurationList;
			buildConfigurations = (
				8F6C88951F418C7F00FC1AC5 /* Debug */,
				8F6C88961F418C7F00FC1AC5 /* Release */,
			);
			defaultConfigurationIsVisible = 0;
			defaultConfigurationName = Release;
		};
/* End XCConfigurationList section */
	};
	rootObject = 8F6C88591F418C7F00FC1AC5 /* Project object */;
}
