// !$*UTF8*$!
{
	archiveVersion = 1;
	classes = {
	};
	objectVersion = 48;
	objects = {

/* Begin PBXBuildFile section */
		8F2345FB2059007D0098F4AB /* SubscriptChapter.swift in Sources */ = {isa = PBXBuildFile; fileRef = 8F2345FA2059007D0098F4AB /* SubscriptChapter.swift */; };
		8F2345FE205922110098F4AB /* InheritanceChapter.swift in Sources */ = {isa = PBXBuildFile; fileRef = 8F2345FD205922110098F4AB /* InheritanceChapter.swift */; };
		8F76001D1F7B556000C82682 /* main.swift in Sources */ = {isa = PBXBuildFile; fileRef = 8F76001C1F7B556000C82682 /* main.swift */; };
		8F83C9FD1F7E2AC800E7A9DE /* ControlFlow.swift in Sources */ = {isa = PBXBuildFile; fileRef = 8F83C9FC1F7E2AC800E7A9DE /* ControlFlow.swift */; };
/* End PBXBuildFile section */

/* Begin PBXCopyFilesBuildPhase section */
		8F7600171F7B556000C82682 /* CopyFiles */ = {
			isa = PBXCopyFilesBuildPhase;
			buildActionMask = 2147483647;
			dstPath = /usr/share/man/man1/;
			dstSubfolderSpec = 0;
			files = (
			);
			runOnlyForDeploymentPostprocessing = 1;
		};
/* End PBXCopyFilesBuildPhase section */

/* Begin PBXFileReference section */
		8F2345FA2059007D0098F4AB /* SubscriptChapter.swift */ = {isa = PBXFileReference; lastKnownFileType = sourcecode.swift; path = SubscriptChapter.swift; sourceTree = "<group>"; };
		8F2345FD205922110098F4AB /* InheritanceChapter.swift */ = {isa = PBXFileReference; lastKnownFileType = sourcecode.swift; path = InheritanceChapter.swift; sourceTree = "<group>"; };
		8F7600191F7B556000C82682 /* SwiftLearn */ = {isa = PBXFileReference; explicitFileType = "compiled.mach-o.executable"; includeInIndex = 0; path = SwiftLearn; sourceTree = BUILT_PRODUCTS_DIR; };
		8F76001C1F7B556000C82682 /* main.swift */ = {isa = PBXFileReference; lastKnownFileType = sourcecode.swift; path = main.swift; sourceTree = "<group>"; };
		8F83C9FC1F7E2AC800E7A9DE /* ControlFlow.swift */ = {isa = PBXFileReference; lastKnownFileType = sourcecode.swift; path = ControlFlow.swift; sourceTree = "<group>"; };
/* End PBXFileReference section */

/* Begin PBXFrameworksBuildPhase section */
		8F7600161F7B556000C82682 /* Frameworks */ = {
			isa = PBXFrameworksBuildPhase;
			buildActionMask = 2147483647;
			files = (
			);
			runOnlyForDeploymentPostprocessing = 0;
		};
/* End PBXFrameworksBuildPhase section */

/* Begin PBXGroup section */
		8F2345F9205900100098F4AB /* SubscriptChapter */ = {
			isa = PBXGroup;
			children = (
				8F2345FA2059007D0098F4AB /* SubscriptChapter.swift */,
			);
			path = SubscriptChapter;
			sourceTree = "<group>";
		};
		8F2345FC205921DE0098F4AB /* InheritanceChapter */ = {
			isa = PBXGroup;
			children = (
				8F2345FD205922110098F4AB /* InheritanceChapter.swift */,
			);
			path = InheritanceChapter;
			sourceTree = "<group>";
		};
		8F7600101F7B556000C82682 = {
			isa = PBXGroup;
			children = (
				8F76001B1F7B556000C82682 /* SwiftLearn */,
				8F76001A1F7B556000C82682 /* Products */,
			);
			sourceTree = "<group>";
		};
		8F76001A1F7B556000C82682 /* Products */ = {
			isa = PBXGroup;
			children = (
				8F7600191F7B556000C82682 /* SwiftLearn */,
			);
			name = Products;
			sourceTree = "<group>";
		};
		8F76001B1F7B556000C82682 /* SwiftLearn */ = {
			isa = PBXGroup;
			children = (
				8F2345FC205921DE0098F4AB /* InheritanceChapter */,
				8F2345F9205900100098F4AB /* SubscriptChapter */,
				8F76001C1F7B556000C82682 /* main.swift */,
				8F83C9FB1F7E2AB100E7A9DE /* ControlFlow */,
			);
			path = SwiftLearn;
			sourceTree = "<group>";
		};
		8F83C9FB1F7E2AB100E7A9DE /* ControlFlow */ = {
			isa = PBXGroup;
			children = (
				8F83C9FC1F7E2AC800E7A9DE /* ControlFlow.swift */,
			);
			path = ControlFlow;
			sourceTree = "<group>";
		};
/* End PBXGroup section */

/* Begin PBXNativeTarget section */
		8F7600181F7B556000C82682 /* SwiftLearn */ = {
			isa = PBXNativeTarget;
			buildConfigurationList = 8F7600201F7B556000C82682 /* Build configuration list for PBXNativeTarget "SwiftLearn" */;
			buildPhases = (
				8F7600151F7B556000C82682 /* Sources */,
				8F7600161F7B556000C82682 /* Frameworks */,
				8F7600171F7B556000C82682 /* CopyFiles */,
			);
			buildRules = (
			);
			dependencies = (
			);
			name = SwiftLearn;
			productName = SwiftLearn;
			productReference = 8F7600191F7B556000C82682 /* SwiftLearn */;
			productType = "com.apple.product-type.tool";
		};
/* End PBXNativeTarget section */

/* Begin PBXProject section */
		8F7600111F7B556000C82682 /* Project object */ = {
			isa = PBXProject;
			attributes = {
				LastSwiftUpdateCheck = 0900;
				LastUpgradeCheck = 0900;
				ORGANIZATIONNAME = Inledco;
				TargetAttributes = {
					8F7600181F7B556000C82682 = {
						CreatedOnToolsVersion = 9.0;
						ProvisioningStyle = Automatic;
					};
				};
			};
			buildConfigurationList = 8F7600141F7B556000C82682 /* Build configuration list for PBXProject "SwiftLearn" */;
			compatibilityVersion = "Xcode 8.0";
			developmentRegion = en;
			hasScannedForEncodings = 0;
			knownRegions = (
				en,
			);
			mainGroup = 8F7600101F7B556000C82682;
			productRefGroup = 8F76001A1F7B556000C82682 /* Products */;
			projectDirPath = "";
			projectRoot = "";
			targets = (
				8F7600181F7B556000C82682 /* SwiftLearn */,
			);
		};
/* End PBXProject section */

/* Begin PBXSourcesBuildPhase section */
		8F7600151F7B556000C82682 /* Sources */ = {
			isa = PBXSourcesBuildPhase;
			buildActionMask = 2147483647;
			files = (
				8F2345FE205922110098F4AB /* InheritanceChapter.swift in Sources */,
				8F76001D1F7B556000C82682 /* main.swift in Sources */,
				8F83C9FD1F7E2AC800E7A9DE /* ControlFlow.swift in Sources */,
				8F2345FB2059007D0098F4AB /* SubscriptChapter.swift in Sources */,
			);
			runOnlyForDeploymentPostprocessing = 0;
		};
/* End PBXSourcesBuildPhase section */

/* Begin XCBuildConfiguration section */
		8F76001E1F7B556000C82682 /* Debug */ = {
			isa = XCBuildConfiguration;
			buildSettings = {
				ALWAYS_SEARCH_USER_PATHS = NO;
				CLANG_ANALYZER_NONNULL = YES;
				CLANG_ANALYZER_NUMBER_OBJECT_CONVERSION = YES_AGGRESSIVE;
				CLANG_CXX_LANGUAGE_STANDARD = "gnu++14";
				CLANG_CXX_LIBRARY = "libc++";
				CLANG_ENABLE_MODULES = YES;
				CLANG_ENABLE_OBJC_ARC = YES;
				CLANG_WARN_BLOCK_CAPTURE_AUTORELEASING = YES;
				CLANG_WARN_BOOL_CONVERSION = YES;
				CLANG_WARN_COMMA = YES;
				CLANG_WARN_CONSTANT_CONVERSION = YES;
				CLANG_WARN_DIRECT_OBJC_ISA_USAGE = YES_ERROR;
				CLANG_WARN_DOCUMENTATION_COMMENTS = YES;
				CLANG_WARN_EMPTY_BODY = YES;
				CLANG_WARN_ENUM_CONVERSION = YES;
				CLANG_WARN_INFINITE_RECURSION = YES;
				CLANG_WARN_INT_CONVERSION = YES;
				CLANG_WARN_NON_LITERAL_NULL_CONVERSION = YES;
				CLANG_WARN_OBJC_LITERAL_CONVERSION = YES;
				CLANG_WARN_OBJC_ROOT_CLASS = YES_ERROR;
				CLANG_WARN_RANGE_LOOP_ANALYSIS = YES;
				CLANG_WARN_STRICT_PROTOTYPES = YES;
				CLANG_WARN_SUSPICIOUS_MOVE = YES;
				CLANG_WARN_UNGUARDED_AVAILABILITY = YES_AGGRESSIVE;
				CLANG_WARN_UNREACHABLE_CODE = YES;
				CLANG_WARN__DUPLICATE_METHOD_MATCH = YES;
				CODE_SIGN_IDENTITY = "Mac Developer";
				COPY_PHASE_STRIP = NO;
				DEBUG_INFORMATION_FORMAT = dwarf;
				ENABLE_STRICT_OBJC_MSGSEND = YES;
				ENABLE_TESTABILITY = YES;
				GCC_C_LANGUAGE_STANDARD = gnu11;
				GCC_DYNAMIC_NO_PIC = NO;
				GCC_NO_COMMON_BLOCKS = YES;
				GCC_OPTIMIZATION_LEVEL = 0;
				GCC_PREPROCESSOR_DEFINITIONS = (
					"DEBUG=1",
					"$(inherited)",
				);
				GCC_WARN_64_TO_32_BIT_CONVERSION = YES;
				GCC_WARN_ABOUT_RETURN_TYPE = YES_ERROR;
				GCC_WARN_UNDECLARED_SELECTOR = YES;
				GCC_WARN_UNINITIALIZED_AUTOS = YES_AGGRESSIVE;
				GCC_WARN_UNUSED_FUNCTION = YES;
				GCC_WARN_UNUSED_VARIABLE = YES;
				MACOSX_DEPLOYMENT_TARGET = 10.12;
				MTL_ENABLE_DEBUG_INFO = YES;
				ONLY_ACTIVE_ARCH = YES;
				SDKROOT = macosx;
				SWIFT_ACTIVE_COMPILATION_CONDITIONS = DEBUG;
				SWIFT_OPTIMIZATION_LEVEL = "-Onone";
			};
			name = Debug;
		};
		8F76001F1F7B556000C82682 /* Release */ = {
			isa = XCBuildConfiguration;
			buildSettings = {
				ALWAYS_SEARCH_USER_PATHS = NO;
				CLANG_ANALYZER_NONNULL = YES;
				CLANG_ANALYZER_NUMBER_OBJECT_CONVERSION = YES_AGGRESSIVE;
				CLANG_CXX_LANGUAGE_STANDARD = "gnu++14";
				CLANG_CXX_LIBRARY = "libc++";
				CLANG_ENABLE_MODULES = YES;
				CLANG_ENABLE_OBJC_ARC = YES;
				CLANG_WARN_BLOCK_CAPTURE_AUTORELEASING = YES;
				CLANG_WARN_BOOL_CONVERSION = YES;
				CLANG_WARN_COMMA = YES;
				CLANG_WARN_CONSTANT_CONVERSION = YES;
				CLANG_WARN_DIRECT_OBJC_ISA_USAGE = YES_ERROR;
				CLANG_WARN_DOCUMENTATION_COMMENTS = YES;
				CLANG_WARN_EMPTY_BODY = YES;
				CLANG_WARN_ENUM_CONVERSION = YES;
				CLANG_WARN_INFINITE_RECURSION = YES;
				CLANG_WARN_INT_CONVERSION = YES;
				CLANG_WARN_NON_LITERAL_NULL_CONVERSION = YES;
				CLANG_WARN_OBJC_LITERAL_CONVERSION = YES;
				CLANG_WARN_OBJC_ROOT_CLASS = YES_ERROR;
				CLANG_WARN_RANGE_LOOP_ANALYSIS = YES;
				CLANG_WARN_STRICT_PROTOTYPES = YES;
				CLANG_WARN_SUSPICIOUS_MOVE = YES;
				CLANG_WARN_UNGUARDED_AVAILABILITY = YES_AGGRESSIVE;
				CLANG_WARN_UNREACHABLE_CODE = YES;
				CLANG_WARN__DUPLICATE_METHOD_MATCH = YES;
				CODE_SIGN_IDENTITY = "Mac Developer";
				COPY_PHASE_STRIP = NO;
				DEBUG_INFORMATION_FORMAT = "dwarf-with-dsym";
				ENABLE_NS_ASSERTIONS = NO;
				ENABLE_STRICT_OBJC_MSGSEND = YES;
				GCC_C_LANGUAGE_STANDARD = gnu11;
				GCC_NO_COMMON_BLOCKS = YES;
				GCC_WARN_64_TO_32_BIT_CONVERSION = YES;
				GCC_WARN_ABOUT_RETURN_TYPE = YES_ERROR;
				GCC_WARN_UNDECLARED_SELECTOR = YES;
				GCC_WARN_UNINITIALIZED_AUTOS = YES_AGGRESSIVE;
				GCC_WARN_UNUSED_FUNCTION = YES;
				GCC_WARN_UNUSED_VARIABLE = YES;
				MACOSX_DEPLOYMENT_TARGET = 10.12;
				MTL_ENABLE_DEBUG_INFO = NO;
				SDKROOT = macosx;
				SWIFT_OPTIMIZATION_LEVEL = "-Owholemodule";
			};
			name = Release;
		};
		8F7600211F7B556000C82682 /* Debug */ = {
			isa = XCBuildConfiguration;
			buildSettings = {
				CODE_SIGN_STYLE = Automatic;
				DEVELOPMENT_TEAM = VS9QL3ZC89;
				PRODUCT_NAME = "$(TARGET_NAME)";
				SWIFT_VERSION = 4.0;
			};
			name = Debug;
		};
		8F7600221F7B556000C82682 /* Release */ = {
			isa = XCBuildConfiguration;
			buildSettings = {
				CODE_SIGN_STYLE = Automatic;
				DEVELOPMENT_TEAM = VS9QL3ZC89;
				PRODUCT_NAME = "$(TARGET_NAME)";
				SWIFT_VERSION = 4.0;
			};
			name = Release;
		};
/* End XCBuildConfiguration section */

/* Begin XCConfigurationList section */
		8F7600141F7B556000C82682 /* Build configuration list for PBXProject "SwiftLearn" */ = {
			isa = XCConfigurationList;
			buildConfigurations = (
				8F76001E1F7B556000C82682 /* Debug */,
				8F76001F1F7B556000C82682 /* Release */,
			);
			defaultConfigurationIsVisible = 0;
			defaultConfigurationName = Release;
		};
		8F7600201F7B556000C82682 /* Build configuration list for PBXNativeTarget "SwiftLearn" */ = {
			isa = XCConfigurationList;
			buildConfigurations = (
				8F7600211F7B556000C82682 /* Debug */,
				8F7600221F7B556000C82682 /* Release */,
			);
			defaultConfigurationIsVisible = 0;
			defaultConfigurationName = Release;
		};
/* End XCConfigurationList section */
	};
	rootObject = 8F7600111F7B556000C82682 /* Project object */;
}
